// !$*UTF8*$!
{
	archiveVersion = 1;
	classes = {
	};
	objectVersion = 51;
	objects = {

/* Begin PBXBuildFile section */
		4D367A0B4D12E00BE7FBB68B /* Pods_ClaysAndGlazes_ClaysAndGlazesUITests.framework in Frameworks */ = {isa = PBXBuildFile; fileRef = 8117FF634E2782306B4DA772 /* Pods_ClaysAndGlazes_ClaysAndGlazesUITests.framework */; };
		5B060F34261233510090E250 /* AppDelegate.swift in Sources */ = {isa = PBXBuildFile; fileRef = 5B060F33261233510090E250 /* AppDelegate.swift */; };
		5B060F36261233510090E250 /* SceneDelegate.swift in Sources */ = {isa = PBXBuildFile; fileRef = 5B060F35261233510090E250 /* SceneDelegate.swift */; };
		5B060F3D261233550090E250 /* Assets.xcassets in Resources */ = {isa = PBXBuildFile; fileRef = 5B060F3C261233550090E250 /* Assets.xcassets */; };
		5B060F40261233550090E250 /* LaunchScreen.storyboard in Resources */ = {isa = PBXBuildFile; fileRef = 5B060F3E261233550090E250 /* LaunchScreen.storyboard */; };
		5B060F4B261233560090E250 /* ClaysAndGlazesTests.swift in Sources */ = {isa = PBXBuildFile; fileRef = 5B060F4A261233560090E250 /* ClaysAndGlazesTests.swift */; };
		5B060F56261233560090E250 /* ClaysAndGlazesUITests.swift in Sources */ = {isa = PBXBuildFile; fileRef = 5B060F55261233560090E250 /* ClaysAndGlazesUITests.swift */; };
		5B060F75261233AF0090E250 /* Response.swift in Sources */ = {isa = PBXBuildFile; fileRef = 5B060F6D261233AF0090E250 /* Response.swift */; };
		5B060F76261233AF0090E250 /* ClaysTemperatureTableViewController.swift in Sources */ = {isa = PBXBuildFile; fileRef = 5B060F6F261233AF0090E250 /* ClaysTemperatureTableViewController.swift */; };
		5B060F77261233AF0090E250 /* CrackleTableViewController.swift in Sources */ = {isa = PBXBuildFile; fileRef = 5B060F70261233AF0090E250 /* CrackleTableViewController.swift */; };
		5B060F78261233AF0090E250 /* GlazesForClayTableViewController.swift in Sources */ = {isa = PBXBuildFile; fileRef = 5B060F71261233AF0090E250 /* GlazesForClayTableViewController.swift */; };
		5B060F79261233AF0090E250 /* ClaysTableViewController.swift in Sources */ = {isa = PBXBuildFile; fileRef = 5B060F72261233AF0090E250 /* ClaysTableViewController.swift */; };
		5B060F7A261233AF0090E250 /* ClaysGlazeLocalStorageService.swift in Sources */ = {isa = PBXBuildFile; fileRef = 5B060F74261233AF0090E250 /* ClaysGlazeLocalStorageService.swift */; };
		5B060F98261484440090E250 /* ClayCell.swift in Sources */ = {isa = PBXBuildFile; fileRef = 5B060F97261484440090E250 /* ClayCell.swift */; };
		5B060FA12614A3C60090E250 /* CollapsibleTableViewHeader.swift in Sources */ = {isa = PBXBuildFile; fileRef = 5B060FA02614A3C60090E250 /* CollapsibleTableViewHeader.swift */; };
		5B060FCD2614C3B90090E250 /* ClaysInfo.json in Resources */ = {isa = PBXBuildFile; fileRef = 5B060FCC2614C3B90090E250 /* ClaysInfo.json */; };
		5B060FDB2615FD520090E250 /* GlazesList.json in Resources */ = {isa = PBXBuildFile; fileRef = 5B060FDA2615FD520090E250 /* GlazesList.json */; };
		5B060FE0261605190090E250 /* GlazesSearchResponse.swift in Sources */ = {isa = PBXBuildFile; fileRef = 5B060FDF261605190090E250 /* GlazesSearchResponse.swift */; };
		5B060FFA26174D340090E250 /* InformationView.swift in Sources */ = {isa = PBXBuildFile; fileRef = 5B060FF926174D340090E250 /* InformationView.swift */; };
		5B06101E261B356D0090E250 /* Animation.swift in Sources */ = {isa = PBXBuildFile; fileRef = 5B06101D261B356D0090E250 /* Animation.swift */; };
		5B06102D261DA2A80090E250 /* DefaultHeader.swift in Sources */ = {isa = PBXBuildFile; fileRef = 5B06102C261DA2A80090E250 /* DefaultHeader.swift */; };
		5B061032261DA9B00090E250 /* DefaultCell.swift in Sources */ = {isa = PBXBuildFile; fileRef = 5B061031261DA9B00090E250 /* DefaultCell.swift */; };
		5B061037261EF0B70090E250 /* StartView.swift in Sources */ = {isa = PBXBuildFile; fileRef = 5B061036261EF0B70090E250 /* StartView.swift */; };
		5B188EA426F4AC94002A2EBE /* MaterialsStatisticView.swift in Sources */ = {isa = PBXBuildFile; fileRef = 5B188EA326F4AC94002A2EBE /* MaterialsStatisticView.swift */; };
		5B188EA626F4B799002A2EBE /* MaterialStatisticItem.swift in Sources */ = {isa = PBXBuildFile; fileRef = 5B188EA526F4B799002A2EBE /* MaterialStatisticItem.swift */; };
		5B188EA926F4BA67002A2EBE /* StatisticController.swift in Sources */ = {isa = PBXBuildFile; fileRef = 5B188EA826F4BA67002A2EBE /* StatisticController.swift */; };
		5B188EAC26F4C174002A2EBE /* MaterialsListMainViewViewModel.swift in Sources */ = {isa = PBXBuildFile; fileRef = 5B188EAB26F4C174002A2EBE /* MaterialsListMainViewViewModel.swift */; };
		5B2C04642625D06700FB1CED /* ChooseGlazeTableViewController.swift in Sources */ = {isa = PBXBuildFile; fileRef = 5B2C04632625D06700FB1CED /* ChooseGlazeTableViewController.swift */; };
		5B2C046A2625D29C00FB1CED /* Extensions + UIColor + UITableViewController + UIViewController + UIView + UIImageView + Array.swift in Sources */ = {isa = PBXBuildFile; fileRef = 5B2C04692625D29C00FB1CED /* Extensions + UIColor + UITableViewController + UIViewController + UIView + UIImageView + Array.swift */; };
		5B2C04A32626E88D00FB1CED /* ClaysForGlazeTableViewController.swift in Sources */ = {isa = PBXBuildFile; fileRef = 5B2C04A22626E88D00FB1CED /* ClaysForGlazeTableViewController.swift */; };
		5B2C04A82626ED9D00FB1CED /* GlazeTemperatureTableViewController.swift in Sources */ = {isa = PBXBuildFile; fileRef = 5B2C04A72626ED9D00FB1CED /* GlazeTemperatureTableViewController.swift */; };
		5B2C04B0262709E200FB1CED /* GlazesInfo.json in Resources */ = {isa = PBXBuildFile; fileRef = 5B2C04AF262709E200FB1CED /* GlazesInfo.json */; };
		5B2C04B82627164B00FB1CED /* GlazesResponse.swift in Sources */ = {isa = PBXBuildFile; fileRef = 5B2C04B72627164B00FB1CED /* GlazesResponse.swift */; };
		5B2C04C6262B3A6E00FB1CED /* clayIconBlue.png in Resources */ = {isa = PBXBuildFile; fileRef = 5B2C04C5262B3A6E00FB1CED /* clayIconBlue.png */; };
		5B2C04CB262B3A7B00FB1CED /* clayGrayIcon.png in Resources */ = {isa = PBXBuildFile; fileRef = 5B2C04CA262B3A7A00FB1CED /* clayGrayIcon.png */; };
		5B2C04D0262B3A8900FB1CED /* glazeBrushBlue.png in Resources */ = {isa = PBXBuildFile; fileRef = 5B2C04CF262B3A8900FB1CED /* glazeBrushBlue.png */; };
		5B2C04D5262B3A9400FB1CED /* glazeBrushGrayIcon.png in Resources */ = {isa = PBXBuildFile; fileRef = 5B2C04D4262B3A9400FB1CED /* glazeBrushGrayIcon.png */; };
		5B2C04F62654F67F00FB1CED /* GoogleService-Info.plist in Resources */ = {isa = PBXBuildFile; fileRef = 5B2C04F52654F67F00FB1CED /* GoogleService-Info.plist */; };
		5B2C052E2656920300FB1CED /* placeholder.png in Resources */ = {isa = PBXBuildFile; fileRef = 5B2C052D2656920300FB1CED /* placeholder.png */; };
		5B63CE5326A5A91C00AB81AC /* Network Service.swift in Sources */ = {isa = PBXBuildFile; fileRef = 5B63CE5226A5A91C00AB81AC /* Network Service.swift */; };
		5B63CE5B26A6AB2A00AB81AC /* AddMaterialViewController.swift in Sources */ = {isa = PBXBuildFile; fileRef = 5B63CE5A26A6AB2A00AB81AC /* AddMaterialViewController.swift */; };
		5B63CE5E26A6BCFC00AB81AC /* Section.swift in Sources */ = {isa = PBXBuildFile; fileRef = 5B63CE5D26A6BCFC00AB81AC /* Section.swift */; };
		5B63CE6026A6CA7A00AB81AC /* Material.swift in Sources */ = {isa = PBXBuildFile; fileRef = 5B63CE5F26A6CA7A00AB81AC /* Material.swift */; };
		5B63CE6326A6CE9300AB81AC /* MaterialsLocalStorageService.swift in Sources */ = {isa = PBXBuildFile; fileRef = 5B63CE6226A6CE9300AB81AC /* MaterialsLocalStorageService.swift */; };
		5B63CE6626A6DB7200AB81AC /* Extension + UserDefaults.swift in Sources */ = {isa = PBXBuildFile; fileRef = 5B63CE6526A6DB7200AB81AC /* Extension + UserDefaults.swift */; };
		5B63CE6826A8065B00AB81AC /* MaterialsListPresenter.swift in Sources */ = {isa = PBXBuildFile; fileRef = 5B63CE6726A8065B00AB81AC /* MaterialsListPresenter.swift */; };
		5B63CE6B26A82F5600AB81AC /* EditMaterialViewController.swift in Sources */ = {isa = PBXBuildFile; fileRef = 5B63CE6A26A82F5600AB81AC /* EditMaterialViewController.swift */; };
		5B63CE6E26A83AE600AB81AC /* MaterialCell.swift in Sources */ = {isa = PBXBuildFile; fileRef = 5B63CE6D26A83AE600AB81AC /* MaterialCell.swift */; };
		5B63CE7426A9532400AB81AC /* GlazesListPresenter.swift in Sources */ = {isa = PBXBuildFile; fileRef = 5B63CE7326A9532400AB81AC /* GlazesListPresenter.swift */; };
		5B63CE7926A956A900AB81AC /* GlazesRecipesCollectionViewController.swift in Sources */ = {isa = PBXBuildFile; fileRef = 5B63CE7826A956A900AB81AC /* GlazesRecipesCollectionViewController.swift */; };
		5B6E149B26B161BF0072FB7E /* MaterialsListViewModel.swift in Sources */ = {isa = PBXBuildFile; fileRef = 5B6E149A26B161BF0072FB7E /* MaterialsListViewModel.swift */; };
		5B6E149E26B168AE0072FB7E /* MaterialTableViewCellViewModel.swift in Sources */ = {isa = PBXBuildFile; fileRef = 5B6E149D26B168AE0072FB7E /* MaterialTableViewCellViewModel.swift */; };
		5B6E14A326B18DCE0072FB7E /* EditMaterialViewModel.swift in Sources */ = {isa = PBXBuildFile; fileRef = 5B6E14A226B18DCE0072FB7E /* EditMaterialViewModel.swift */; };
		5B6E14A726B2BF740072FB7E /* AddMaterialViewModel.swift in Sources */ = {isa = PBXBuildFile; fileRef = 5B6E14A626B2BF740072FB7E /* AddMaterialViewModel.swift */; };
		5B6E14AA26B2C46F0072FB7E /* Protocols.swift in Sources */ = {isa = PBXBuildFile; fileRef = 5B6E14A926B2C46F0072FB7E /* Protocols.swift */; };
		5B6E14AE26B2C9040072FB7E /* ClayTemperatureTableViewModel.swift in Sources */ = {isa = PBXBuildFile; fileRef = 5B6E14AD26B2C9040072FB7E /* ClayTemperatureTableViewModel.swift */; };
		5B6E14B126B2CE090072FB7E /* DefaultCellViewModel.swift in Sources */ = {isa = PBXBuildFile; fileRef = 5B6E14B026B2CE090072FB7E /* DefaultCellViewModel.swift */; };
		5B6E14B626B2D2720072FB7E /* CrackleTableViewViewModel.swift in Sources */ = {isa = PBXBuildFile; fileRef = 5B6E14B526B2D2720072FB7E /* CrackleTableViewViewModel.swift */; };
		5B6E14BA26B2E6150072FB7E /* GlazesForClayTableViewViewModel.swift in Sources */ = {isa = PBXBuildFile; fileRef = 5B6E14B926B2E6150072FB7E /* GlazesForClayTableViewViewModel.swift */; };
		5B6E14BE26B3EBA10072FB7E /* ClaysTableViewViewModel.swift in Sources */ = {isa = PBXBuildFile; fileRef = 5B6E14BD26B3EBA10072FB7E /* ClaysTableViewViewModel.swift */; };
		5B6E14C126B3EC350072FB7E /* ClayCellViewModel.swift in Sources */ = {isa = PBXBuildFile; fileRef = 5B6E14C026B3EC350072FB7E /* ClayCellViewModel.swift */; };
		5B6E14C426B3F88A0072FB7E /* ClaysListPresenter.swift in Sources */ = {isa = PBXBuildFile; fileRef = 5B6E14C326B3F88A0072FB7E /* ClaysListPresenter.swift */; };
		5B6E14CA26B424300072FB7E /* ChooseGlazeTableViewViewModel.swift in Sources */ = {isa = PBXBuildFile; fileRef = 5B6E14C926B424300072FB7E /* ChooseGlazeTableViewViewModel.swift */; };
		5B6E14CE26B966A90072FB7E /* GlazeTemperatureTableViewViewModel.swift in Sources */ = {isa = PBXBuildFile; fileRef = 5B6E14CD26B966A90072FB7E /* GlazeTemperatureTableViewViewModel.swift */; };
		5B6E14D226B97AA30072FB7E /* ClaysForGlazeTableViewViewModel.swift in Sources */ = {isa = PBXBuildFile; fileRef = 5B6E14D126B97AA30072FB7E /* ClaysForGlazeTableViewViewModel.swift */; };
		5B6E14D526BD26050072FB7E /* Extensions + ClaysTableViewController.swift in Sources */ = {isa = PBXBuildFile; fileRef = 5B6E14D426BD26050072FB7E /* Extensions + ClaysTableViewController.swift */; };
		5B6E14D826BD26C20072FB7E /* Extensions + ChooseGlazeTableViewController.swift in Sources */ = {isa = PBXBuildFile; fileRef = 5B6E14D726BD26C20072FB7E /* Extensions + ChooseGlazeTableViewController.swift */; };
		5B6E14DA26BD2A4E0072FB7E /* InformationViewViewModel.swift in Sources */ = {isa = PBXBuildFile; fileRef = 5B6E14D926BD2A4E0072FB7E /* InformationViewViewModel.swift */; };
		5B6E14DE26C262B10072FB7E /* Extension + AddMaterialViewController.swift in Sources */ = {isa = PBXBuildFile; fileRef = 5B6E14DD26C262B10072FB7E /* Extension + AddMaterialViewController.swift */; };
		5B88EF8226FCA8AF002493B6 /* MaterialsListTableViewController.swift in Sources */ = {isa = PBXBuildFile; fileRef = 5B88EF8126FCA8AF002493B6 /* MaterialsListTableViewController.swift */; };
		5B88EF8526FDBE26002493B6 /* StorageKeys.swift in Sources */ = {isa = PBXBuildFile; fileRef = 5B88EF8426FDBE26002493B6 /* StorageKeys.swift */; };
		5BAB806126E7910300D32D06 /* AddItemsToPurchaseListIfZeroQuantityView.swift in Sources */ = {isa = PBXBuildFile; fileRef = 5BAB806026E7910300D32D06 /* AddItemsToPurchaseListIfZeroQuantityView.swift */; };
		5BAB806526E9FEFA00D32D06 /* AddItemToPurchaseListManuallyView.swift in Sources */ = {isa = PBXBuildFile; fileRef = 5BAB806426E9FEFA00D32D06 /* AddItemToPurchaseListManuallyView.swift */; };
		5BAB806926EB339E00D32D06 /* AddItemToPurchaseListManuallyViewViewModel.swift in Sources */ = {isa = PBXBuildFile; fileRef = 5BAB806826EB339E00D32D06 /* AddItemToPurchaseListManuallyViewViewModel.swift */; };
		5BAB806D26EB549C00D32D06 /* MainMaterialsListTileView.swift in Sources */ = {isa = PBXBuildFile; fileRef = 5BAB806C26EB549C00D32D06 /* MainMaterialsListTileView.swift */; };
		5BAB807226EF434F00D32D06 /* usedMaterialsIcon.png in Resources */ = {isa = PBXBuildFile; fileRef = 5BAB807026EF434E00D32D06 /* usedMaterialsIcon.png */; };
		5BAB807726EF4E8700D32D06 /* handsWithClayIcon.png in Resources */ = {isa = PBXBuildFile; fileRef = 5BAB807626EF4E8700D32D06 /* handsWithClayIcon.png */; };
		5BAB807D26EF648F00D32D06 /* purchaseListIcon200x200.png in Resources */ = {isa = PBXBuildFile; fileRef = 5BAB807C26EF648E00D32D06 /* purchaseListIcon200x200.png */; };
		5BAB807F26F1E1DA00D32D06 /* PurchaseListHeaderActionView.swift in Sources */ = {isa = PBXBuildFile; fileRef = 5BAB807E26F1E1DA00D32D06 /* PurchaseListHeaderActionView.swift */; };
		5BAB808126F2273500D32D06 /* checkedBox.png in Resources */ = {isa = PBXBuildFile; fileRef = 5BAB808026F2273400D32D06 /* checkedBox.png */; };
		5BAB808326F2319500D32D06 /* uncheckedBox.png in Resources */ = {isa = PBXBuildFile; fileRef = 5BAB808226F2319500D32D06 /* uncheckedBox.png */; };
		5BBD354A26F9FD3F000B7DF6 /* StatisticTableViewCell.swift in Sources */ = {isa = PBXBuildFile; fileRef = 5BBD354926F9FD3F000B7DF6 /* StatisticTableViewCell.swift */; };
		5BBD354C26F9FDA1000B7DF6 /* StatisticTableViewCellViewModel.swift in Sources */ = {isa = PBXBuildFile; fileRef = 5BBD354B26F9FDA1000B7DF6 /* StatisticTableViewCellViewModel.swift */; };
		5BBD355226FCA3C7000B7DF6 /* addMaterialIcon.png in Resources */ = {isa = PBXBuildFile; fileRef = 5BBD355126FCA3C7000B7DF6 /* addMaterialIcon.png */; };
		5BDA425626DCF356009523A1 /* MaterialsListMainViewController.swift in Sources */ = {isa = PBXBuildFile; fileRef = 5BDA425526DCF356009523A1 /* MaterialsListMainViewController.swift */; };
		5BDA425B26DE423B009523A1 /* UsedMaterialsViewController.swift in Sources */ = {isa = PBXBuildFile; fileRef = 5BDA425A26DE423B009523A1 /* UsedMaterialsViewController.swift */; };
		5BDA425D26DE46F4009523A1 /* iOSDropDown.framework in Frameworks */ = {isa = PBXBuildFile; fileRef = 5BDA425C26DE46F4009523A1 /* iOSDropDown.framework */; };
		5BDA425F26DE4A53009523A1 /* UsedMaterialView.swift in Sources */ = {isa = PBXBuildFile; fileRef = 5BDA425E26DE4A53009523A1 /* UsedMaterialView.swift */; };
		5BDA426126DE61A1009523A1 /* plusButton.png in Resources */ = {isa = PBXBuildFile; fileRef = 5BDA426026DE61A1009523A1 /* plusButton.png */; };
		5BDA426426DF8233009523A1 /* DescribingView.swift in Sources */ = {isa = PBXBuildFile; fileRef = 5BDA426326DF8232009523A1 /* DescribingView.swift */; };
		5BDA426A26E20FF9009523A1 /* UsedMaterialViewViewModel.swift in Sources */ = {isa = PBXBuildFile; fileRef = 5BDA426926E20FF9009523A1 /* UsedMaterialViewViewModel.swift */; };
		5BDA426E26E23F60009523A1 /* PurchaseListTableViewController.swift in Sources */ = {isa = PBXBuildFile; fileRef = 5BDA426D26E23F60009523A1 /* PurchaseListTableViewController.swift */; };
		5BDA427026E24017009523A1 /* PurchaseListTableViewViewModel.swift in Sources */ = {isa = PBXBuildFile; fileRef = 5BDA426F26E24017009523A1 /* PurchaseListTableViewViewModel.swift */; };
		5BDA427326E24F10009523A1 /* SupportingView.swift in Sources */ = {isa = PBXBuildFile; fileRef = 5BDA427226E24F10009523A1 /* SupportingView.swift */; };
		B363CE15067887DB1980F7AC /* Pods_ClaysAndGlazes.framework in Frameworks */ = {isa = PBXBuildFile; fileRef = BF3FA741AF8DFCA0761E0E69 /* Pods_ClaysAndGlazes.framework */; };
		FDBE40BFE3EC01954761C970 /* Pods_ClaysAndGlazesTests.framework in Frameworks */ = {isa = PBXBuildFile; fileRef = 4214CE66D5C90856B9A2A727 /* Pods_ClaysAndGlazesTests.framework */; };
/* End PBXBuildFile section */

/* Begin PBXContainerItemProxy section */
		5B060F47261233550090E250 /* PBXContainerItemProxy */ = {
			isa = PBXContainerItemProxy;
			containerPortal = 5B060F28261233510090E250 /* Project object */;
			proxyType = 1;
			remoteGlobalIDString = 5B060F2F261233510090E250;
			remoteInfo = ClaysAndGlazes;
		};
		5B060F52261233560090E250 /* PBXContainerItemProxy */ = {
			isa = PBXContainerItemProxy;
			containerPortal = 5B060F28261233510090E250 /* Project object */;
			proxyType = 1;
			remoteGlobalIDString = 5B060F2F261233510090E250;
			remoteInfo = ClaysAndGlazes;
		};
/* End PBXContainerItemProxy section */

/* Begin PBXFileReference section */
		112EAF20DE61220870820CE1 /* Pods-ClaysAndGlazes-ClaysAndGlazesUITests.release.xcconfig */ = {isa = PBXFileReference; includeInIndex = 1; lastKnownFileType = text.xcconfig; name = "Pods-ClaysAndGlazes-ClaysAndGlazesUITests.release.xcconfig"; path = "Target Support Files/Pods-ClaysAndGlazes-ClaysAndGlazesUITests/Pods-ClaysAndGlazes-ClaysAndGlazesUITests.release.xcconfig"; sourceTree = "<group>"; };
		25B6A23228CE8105209523A5 /* Pods-ClaysAndGlazes-ClaysAndGlazesUITests.debug.xcconfig */ = {isa = PBXFileReference; includeInIndex = 1; lastKnownFileType = text.xcconfig; name = "Pods-ClaysAndGlazes-ClaysAndGlazesUITests.debug.xcconfig"; path = "Target Support Files/Pods-ClaysAndGlazes-ClaysAndGlazesUITests/Pods-ClaysAndGlazes-ClaysAndGlazesUITests.debug.xcconfig"; sourceTree = "<group>"; };
		4214CE66D5C90856B9A2A727 /* Pods_ClaysAndGlazesTests.framework */ = {isa = PBXFileReference; explicitFileType = wrapper.framework; includeInIndex = 0; path = Pods_ClaysAndGlazesTests.framework; sourceTree = BUILT_PRODUCTS_DIR; };
		50085F0E65F43A58F5EA5823 /* Pods-ClaysAndGlazesTests.debug.xcconfig */ = {isa = PBXFileReference; includeInIndex = 1; lastKnownFileType = text.xcconfig; name = "Pods-ClaysAndGlazesTests.debug.xcconfig"; path = "Target Support Files/Pods-ClaysAndGlazesTests/Pods-ClaysAndGlazesTests.debug.xcconfig"; sourceTree = "<group>"; };
		5B060F30261233510090E250 /* ClaysAndGlazes.app */ = {isa = PBXFileReference; explicitFileType = wrapper.application; includeInIndex = 0; path = ClaysAndGlazes.app; sourceTree = BUILT_PRODUCTS_DIR; };
		5B060F33261233510090E250 /* AppDelegate.swift */ = {isa = PBXFileReference; lastKnownFileType = sourcecode.swift; path = AppDelegate.swift; sourceTree = "<group>"; };
		5B060F35261233510090E250 /* SceneDelegate.swift */ = {isa = PBXFileReference; lastKnownFileType = sourcecode.swift; path = SceneDelegate.swift; sourceTree = "<group>"; };
		5B060F3C261233550090E250 /* Assets.xcassets */ = {isa = PBXFileReference; lastKnownFileType = folder.assetcatalog; path = Assets.xcassets; sourceTree = "<group>"; };
		5B060F3F261233550090E250 /* Base */ = {isa = PBXFileReference; lastKnownFileType = file.storyboard; name = Base; path = Base.lproj/LaunchScreen.storyboard; sourceTree = "<group>"; };
		5B060F41261233550090E250 /* Info.plist */ = {isa = PBXFileReference; lastKnownFileType = text.plist.xml; path = Info.plist; sourceTree = "<group>"; };
		5B060F46261233550090E250 /* ClaysAndGlazesTests.xctest */ = {isa = PBXFileReference; explicitFileType = wrapper.cfbundle; includeInIndex = 0; path = ClaysAndGlazesTests.xctest; sourceTree = BUILT_PRODUCTS_DIR; };
		5B060F4A261233560090E250 /* ClaysAndGlazesTests.swift */ = {isa = PBXFileReference; lastKnownFileType = sourcecode.swift; path = ClaysAndGlazesTests.swift; sourceTree = "<group>"; };
		5B060F4C261233560090E250 /* Info.plist */ = {isa = PBXFileReference; lastKnownFileType = text.plist.xml; path = Info.plist; sourceTree = "<group>"; };
		5B060F51261233560090E250 /* ClaysAndGlazesUITests.xctest */ = {isa = PBXFileReference; explicitFileType = wrapper.cfbundle; includeInIndex = 0; path = ClaysAndGlazesUITests.xctest; sourceTree = BUILT_PRODUCTS_DIR; };
		5B060F55261233560090E250 /* ClaysAndGlazesUITests.swift */ = {isa = PBXFileReference; lastKnownFileType = sourcecode.swift; path = ClaysAndGlazesUITests.swift; sourceTree = "<group>"; };
		5B060F57261233560090E250 /* Info.plist */ = {isa = PBXFileReference; lastKnownFileType = text.plist.xml; path = Info.plist; sourceTree = "<group>"; };
		5B060F6D261233AF0090E250 /* Response.swift */ = {isa = PBXFileReference; fileEncoding = 4; lastKnownFileType = sourcecode.swift; path = Response.swift; sourceTree = "<group>"; };
		5B060F6F261233AF0090E250 /* ClaysTemperatureTableViewController.swift */ = {isa = PBXFileReference; fileEncoding = 4; lastKnownFileType = sourcecode.swift; path = ClaysTemperatureTableViewController.swift; sourceTree = "<group>"; };
		5B060F70261233AF0090E250 /* CrackleTableViewController.swift */ = {isa = PBXFileReference; fileEncoding = 4; lastKnownFileType = sourcecode.swift; path = CrackleTableViewController.swift; sourceTree = "<group>"; };
		5B060F71261233AF0090E250 /* GlazesForClayTableViewController.swift */ = {isa = PBXFileReference; fileEncoding = 4; lastKnownFileType = sourcecode.swift; path = GlazesForClayTableViewController.swift; sourceTree = "<group>"; };
		5B060F72261233AF0090E250 /* ClaysTableViewController.swift */ = {isa = PBXFileReference; fileEncoding = 4; lastKnownFileType = sourcecode.swift; path = ClaysTableViewController.swift; sourceTree = "<group>"; };
		5B060F74261233AF0090E250 /* ClaysGlazeLocalStorageService.swift */ = {isa = PBXFileReference; fileEncoding = 4; lastKnownFileType = sourcecode.swift; path = ClaysGlazeLocalStorageService.swift; sourceTree = "<group>"; };
		5B060F97261484440090E250 /* ClayCell.swift */ = {isa = PBXFileReference; lastKnownFileType = sourcecode.swift; path = ClayCell.swift; sourceTree = "<group>"; };
		5B060FA02614A3C60090E250 /* CollapsibleTableViewHeader.swift */ = {isa = PBXFileReference; lastKnownFileType = sourcecode.swift; path = CollapsibleTableViewHeader.swift; sourceTree = "<group>"; };
		5B060FCC2614C3B90090E250 /* ClaysInfo.json */ = {isa = PBXFileReference; fileEncoding = 4; lastKnownFileType = text.json; path = ClaysInfo.json; sourceTree = "<group>"; };
		5B060FDA2615FD520090E250 /* GlazesList.json */ = {isa = PBXFileReference; fileEncoding = 4; lastKnownFileType = text.json; path = GlazesList.json; sourceTree = "<group>"; };
		5B060FDF261605190090E250 /* GlazesSearchResponse.swift */ = {isa = PBXFileReference; lastKnownFileType = sourcecode.swift; path = GlazesSearchResponse.swift; sourceTree = "<group>"; };
		5B060FF926174D340090E250 /* InformationView.swift */ = {isa = PBXFileReference; lastKnownFileType = sourcecode.swift; path = InformationView.swift; sourceTree = "<group>"; };
		5B06101D261B356D0090E250 /* Animation.swift */ = {isa = PBXFileReference; lastKnownFileType = sourcecode.swift; path = Animation.swift; sourceTree = "<group>"; };
		5B06102C261DA2A80090E250 /* DefaultHeader.swift */ = {isa = PBXFileReference; lastKnownFileType = sourcecode.swift; path = DefaultHeader.swift; sourceTree = "<group>"; };
		5B061031261DA9B00090E250 /* DefaultCell.swift */ = {isa = PBXFileReference; lastKnownFileType = sourcecode.swift; path = DefaultCell.swift; sourceTree = "<group>"; };
		5B061036261EF0B70090E250 /* StartView.swift */ = {isa = PBXFileReference; lastKnownFileType = sourcecode.swift; path = StartView.swift; sourceTree = "<group>"; };
		5B188EA326F4AC94002A2EBE /* MaterialsStatisticView.swift */ = {isa = PBXFileReference; lastKnownFileType = sourcecode.swift; path = MaterialsStatisticView.swift; sourceTree = "<group>"; };
		5B188EA526F4B799002A2EBE /* MaterialStatisticItem.swift */ = {isa = PBXFileReference; lastKnownFileType = sourcecode.swift; path = MaterialStatisticItem.swift; sourceTree = "<group>"; };
		5B188EA826F4BA67002A2EBE /* StatisticController.swift */ = {isa = PBXFileReference; lastKnownFileType = sourcecode.swift; path = StatisticController.swift; sourceTree = "<group>"; };
		5B188EAB26F4C174002A2EBE /* MaterialsListMainViewViewModel.swift */ = {isa = PBXFileReference; lastKnownFileType = sourcecode.swift; path = MaterialsListMainViewViewModel.swift; sourceTree = "<group>"; };
		5B2C04632625D06700FB1CED /* ChooseGlazeTableViewController.swift */ = {isa = PBXFileReference; lastKnownFileType = sourcecode.swift; path = ChooseGlazeTableViewController.swift; sourceTree = "<group>"; };
		5B2C04692625D29C00FB1CED /* Extensions + UIColor + UITableViewController + UIViewController + UIView + UIImageView + Array.swift */ = {isa = PBXFileReference; lastKnownFileType = sourcecode.swift; path = "Extensions + UIColor + UITableViewController + UIViewController + UIView + UIImageView + Array.swift"; sourceTree = "<group>"; };
		5B2C04A22626E88D00FB1CED /* ClaysForGlazeTableViewController.swift */ = {isa = PBXFileReference; lastKnownFileType = sourcecode.swift; path = ClaysForGlazeTableViewController.swift; sourceTree = "<group>"; };
		5B2C04A72626ED9D00FB1CED /* GlazeTemperatureTableViewController.swift */ = {isa = PBXFileReference; lastKnownFileType = sourcecode.swift; path = GlazeTemperatureTableViewController.swift; sourceTree = "<group>"; };
		5B2C04AF262709E200FB1CED /* GlazesInfo.json */ = {isa = PBXFileReference; fileEncoding = 4; lastKnownFileType = text.json; path = GlazesInfo.json; sourceTree = "<group>"; };
		5B2C04B72627164B00FB1CED /* GlazesResponse.swift */ = {isa = PBXFileReference; lastKnownFileType = sourcecode.swift; path = GlazesResponse.swift; sourceTree = "<group>"; };
		5B2C04C5262B3A6E00FB1CED /* clayIconBlue.png */ = {isa = PBXFileReference; lastKnownFileType = image.png; path = clayIconBlue.png; sourceTree = "<group>"; };
		5B2C04CA262B3A7A00FB1CED /* clayGrayIcon.png */ = {isa = PBXFileReference; lastKnownFileType = image.png; path = clayGrayIcon.png; sourceTree = "<group>"; };
		5B2C04CF262B3A8900FB1CED /* glazeBrushBlue.png */ = {isa = PBXFileReference; lastKnownFileType = image.png; path = glazeBrushBlue.png; sourceTree = "<group>"; };
		5B2C04D4262B3A9400FB1CED /* glazeBrushGrayIcon.png */ = {isa = PBXFileReference; lastKnownFileType = image.png; path = glazeBrushGrayIcon.png; sourceTree = "<group>"; };
		5B2C04F52654F67F00FB1CED /* GoogleService-Info.plist */ = {isa = PBXFileReference; fileEncoding = 4; lastKnownFileType = text.plist.xml; path = "GoogleService-Info.plist"; sourceTree = "<group>"; };
		5B2C052D2656920300FB1CED /* placeholder.png */ = {isa = PBXFileReference; lastKnownFileType = image.png; path = placeholder.png; sourceTree = "<group>"; };
		5B63CE5226A5A91C00AB81AC /* Network Service.swift */ = {isa = PBXFileReference; lastKnownFileType = sourcecode.swift; path = "Network Service.swift"; sourceTree = "<group>"; };
		5B63CE5A26A6AB2A00AB81AC /* AddMaterialViewController.swift */ = {isa = PBXFileReference; lastKnownFileType = sourcecode.swift; path = AddMaterialViewController.swift; sourceTree = "<group>"; };
		5B63CE5D26A6BCFC00AB81AC /* Section.swift */ = {isa = PBXFileReference; lastKnownFileType = sourcecode.swift; path = Section.swift; sourceTree = "<group>"; };
		5B63CE5F26A6CA7A00AB81AC /* Material.swift */ = {isa = PBXFileReference; lastKnownFileType = sourcecode.swift; path = Material.swift; sourceTree = "<group>"; };
		5B63CE6226A6CE9300AB81AC /* MaterialsLocalStorageService.swift */ = {isa = PBXFileReference; lastKnownFileType = sourcecode.swift; path = MaterialsLocalStorageService.swift; sourceTree = "<group>"; };
		5B63CE6526A6DB7200AB81AC /* Extension + UserDefaults.swift */ = {isa = PBXFileReference; lastKnownFileType = sourcecode.swift; path = "Extension + UserDefaults.swift"; sourceTree = "<group>"; };
		5B63CE6726A8065B00AB81AC /* MaterialsListPresenter.swift */ = {isa = PBXFileReference; lastKnownFileType = sourcecode.swift; path = MaterialsListPresenter.swift; sourceTree = "<group>"; };
		5B63CE6A26A82F5600AB81AC /* EditMaterialViewController.swift */ = {isa = PBXFileReference; lastKnownFileType = sourcecode.swift; path = EditMaterialViewController.swift; sourceTree = "<group>"; };
		5B63CE6D26A83AE600AB81AC /* MaterialCell.swift */ = {isa = PBXFileReference; lastKnownFileType = sourcecode.swift; path = MaterialCell.swift; sourceTree = "<group>"; };
		5B63CE7326A9532400AB81AC /* GlazesListPresenter.swift */ = {isa = PBXFileReference; lastKnownFileType = sourcecode.swift; path = GlazesListPresenter.swift; sourceTree = "<group>"; };
		5B63CE7826A956A900AB81AC /* GlazesRecipesCollectionViewController.swift */ = {isa = PBXFileReference; lastKnownFileType = sourcecode.swift; path = GlazesRecipesCollectionViewController.swift; sourceTree = "<group>"; };
		5B6E149A26B161BF0072FB7E /* MaterialsListViewModel.swift */ = {isa = PBXFileReference; lastKnownFileType = sourcecode.swift; path = MaterialsListViewModel.swift; sourceTree = "<group>"; };
		5B6E149D26B168AE0072FB7E /* MaterialTableViewCellViewModel.swift */ = {isa = PBXFileReference; lastKnownFileType = sourcecode.swift; path = MaterialTableViewCellViewModel.swift; sourceTree = "<group>"; };
		5B6E14A226B18DCE0072FB7E /* EditMaterialViewModel.swift */ = {isa = PBXFileReference; lastKnownFileType = sourcecode.swift; path = EditMaterialViewModel.swift; sourceTree = "<group>"; };
		5B6E14A626B2BF740072FB7E /* AddMaterialViewModel.swift */ = {isa = PBXFileReference; lastKnownFileType = sourcecode.swift; path = AddMaterialViewModel.swift; sourceTree = "<group>"; };
		5B6E14A926B2C46F0072FB7E /* Protocols.swift */ = {isa = PBXFileReference; lastKnownFileType = sourcecode.swift; path = Protocols.swift; sourceTree = "<group>"; };
		5B6E14AD26B2C9040072FB7E /* ClayTemperatureTableViewModel.swift */ = {isa = PBXFileReference; lastKnownFileType = sourcecode.swift; path = ClayTemperatureTableViewModel.swift; sourceTree = "<group>"; };
		5B6E14B026B2CE090072FB7E /* DefaultCellViewModel.swift */ = {isa = PBXFileReference; lastKnownFileType = sourcecode.swift; path = DefaultCellViewModel.swift; sourceTree = "<group>"; };
		5B6E14B526B2D2720072FB7E /* CrackleTableViewViewModel.swift */ = {isa = PBXFileReference; lastKnownFileType = sourcecode.swift; path = CrackleTableViewViewModel.swift; sourceTree = "<group>"; };
		5B6E14B926B2E6150072FB7E /* GlazesForClayTableViewViewModel.swift */ = {isa = PBXFileReference; lastKnownFileType = sourcecode.swift; path = GlazesForClayTableViewViewModel.swift; sourceTree = "<group>"; };
		5B6E14BD26B3EBA10072FB7E /* ClaysTableViewViewModel.swift */ = {isa = PBXFileReference; lastKnownFileType = sourcecode.swift; path = ClaysTableViewViewModel.swift; sourceTree = "<group>"; };
		5B6E14C026B3EC350072FB7E /* ClayCellViewModel.swift */ = {isa = PBXFileReference; lastKnownFileType = sourcecode.swift; path = ClayCellViewModel.swift; sourceTree = "<group>"; };
		5B6E14C326B3F88A0072FB7E /* ClaysListPresenter.swift */ = {isa = PBXFileReference; lastKnownFileType = sourcecode.swift; path = ClaysListPresenter.swift; sourceTree = "<group>"; };
		5B6E14C926B424300072FB7E /* ChooseGlazeTableViewViewModel.swift */ = {isa = PBXFileReference; lastKnownFileType = sourcecode.swift; path = ChooseGlazeTableViewViewModel.swift; sourceTree = "<group>"; };
		5B6E14CD26B966A90072FB7E /* GlazeTemperatureTableViewViewModel.swift */ = {isa = PBXFileReference; lastKnownFileType = sourcecode.swift; path = GlazeTemperatureTableViewViewModel.swift; sourceTree = "<group>"; };
		5B6E14D126B97AA30072FB7E /* ClaysForGlazeTableViewViewModel.swift */ = {isa = PBXFileReference; lastKnownFileType = sourcecode.swift; path = ClaysForGlazeTableViewViewModel.swift; sourceTree = "<group>"; };
		5B6E14D426BD26050072FB7E /* Extensions + ClaysTableViewController.swift */ = {isa = PBXFileReference; lastKnownFileType = sourcecode.swift; path = "Extensions + ClaysTableViewController.swift"; sourceTree = "<group>"; };
		5B6E14D726BD26C20072FB7E /* Extensions + ChooseGlazeTableViewController.swift */ = {isa = PBXFileReference; lastKnownFileType = sourcecode.swift; path = "Extensions + ChooseGlazeTableViewController.swift"; sourceTree = "<group>"; };
		5B6E14D926BD2A4E0072FB7E /* InformationViewViewModel.swift */ = {isa = PBXFileReference; lastKnownFileType = sourcecode.swift; path = InformationViewViewModel.swift; sourceTree = "<group>"; };
		5B6E14DD26C262B10072FB7E /* Extension + AddMaterialViewController.swift */ = {isa = PBXFileReference; lastKnownFileType = sourcecode.swift; path = "Extension + AddMaterialViewController.swift"; sourceTree = "<group>"; };
		5B88EF8126FCA8AF002493B6 /* MaterialsListTableViewController.swift */ = {isa = PBXFileReference; fileEncoding = 4; lastKnownFileType = sourcecode.swift; path = MaterialsListTableViewController.swift; sourceTree = "<group>"; };
		5B88EF8426FDBE26002493B6 /* StorageKeys.swift */ = {isa = PBXFileReference; lastKnownFileType = sourcecode.swift; path = StorageKeys.swift; sourceTree = "<group>"; };
		5BAB806026E7910300D32D06 /* AddItemsToPurchaseListIfZeroQuantityView.swift */ = {isa = PBXFileReference; lastKnownFileType = sourcecode.swift; path = AddItemsToPurchaseListIfZeroQuantityView.swift; sourceTree = "<group>"; };
		5BAB806426E9FEFA00D32D06 /* AddItemToPurchaseListManuallyView.swift */ = {isa = PBXFileReference; lastKnownFileType = sourcecode.swift; path = AddItemToPurchaseListManuallyView.swift; sourceTree = "<group>"; };
		5BAB806826EB339E00D32D06 /* AddItemToPurchaseListManuallyViewViewModel.swift */ = {isa = PBXFileReference; lastKnownFileType = sourcecode.swift; path = AddItemToPurchaseListManuallyViewViewModel.swift; sourceTree = "<group>"; };
		5BAB806C26EB549C00D32D06 /* MainMaterialsListTileView.swift */ = {isa = PBXFileReference; lastKnownFileType = sourcecode.swift; path = MainMaterialsListTileView.swift; sourceTree = "<group>"; };
		5BAB807026EF434E00D32D06 /* usedMaterialsIcon.png */ = {isa = PBXFileReference; lastKnownFileType = image.png; path = usedMaterialsIcon.png; sourceTree = "<group>"; };
		5BAB807626EF4E8700D32D06 /* handsWithClayIcon.png */ = {isa = PBXFileReference; lastKnownFileType = image.png; path = handsWithClayIcon.png; sourceTree = "<group>"; };
		5BAB807C26EF648E00D32D06 /* purchaseListIcon200x200.png */ = {isa = PBXFileReference; lastKnownFileType = image.png; path = purchaseListIcon200x200.png; sourceTree = "<group>"; };
		5BAB807E26F1E1DA00D32D06 /* PurchaseListHeaderActionView.swift */ = {isa = PBXFileReference; lastKnownFileType = sourcecode.swift; path = PurchaseListHeaderActionView.swift; sourceTree = "<group>"; };
		5BAB808026F2273400D32D06 /* checkedBox.png */ = {isa = PBXFileReference; lastKnownFileType = image.png; path = checkedBox.png; sourceTree = "<group>"; };
		5BAB808226F2319500D32D06 /* uncheckedBox.png */ = {isa = PBXFileReference; lastKnownFileType = image.png; path = uncheckedBox.png; sourceTree = "<group>"; };
		5BBD354926F9FD3F000B7DF6 /* StatisticTableViewCell.swift */ = {isa = PBXFileReference; lastKnownFileType = sourcecode.swift; path = StatisticTableViewCell.swift; sourceTree = "<group>"; };
		5BBD354B26F9FDA1000B7DF6 /* StatisticTableViewCellViewModel.swift */ = {isa = PBXFileReference; lastKnownFileType = sourcecode.swift; path = StatisticTableViewCellViewModel.swift; sourceTree = "<group>"; };
		5BBD355126FCA3C7000B7DF6 /* addMaterialIcon.png */ = {isa = PBXFileReference; lastKnownFileType = image.png; path = addMaterialIcon.png; sourceTree = "<group>"; };
		5BDA425526DCF356009523A1 /* MaterialsListMainViewController.swift */ = {isa = PBXFileReference; lastKnownFileType = sourcecode.swift; path = MaterialsListMainViewController.swift; sourceTree = "<group>"; };
		5BDA425A26DE423B009523A1 /* UsedMaterialsViewController.swift */ = {isa = PBXFileReference; lastKnownFileType = sourcecode.swift; path = UsedMaterialsViewController.swift; sourceTree = "<group>"; };
		5BDA425C26DE46F4009523A1 /* iOSDropDown.framework */ = {isa = PBXFileReference; explicitFileType = wrapper.framework; path = iOSDropDown.framework; sourceTree = BUILT_PRODUCTS_DIR; };
		5BDA425E26DE4A53009523A1 /* UsedMaterialView.swift */ = {isa = PBXFileReference; lastKnownFileType = sourcecode.swift; path = UsedMaterialView.swift; sourceTree = "<group>"; };
		5BDA426026DE61A1009523A1 /* plusButton.png */ = {isa = PBXFileReference; lastKnownFileType = image.png; path = plusButton.png; sourceTree = "<group>"; };
		5BDA426326DF8232009523A1 /* DescribingView.swift */ = {isa = PBXFileReference; lastKnownFileType = sourcecode.swift; path = DescribingView.swift; sourceTree = "<group>"; };
		5BDA426926E20FF9009523A1 /* UsedMaterialViewViewModel.swift */ = {isa = PBXFileReference; lastKnownFileType = sourcecode.swift; path = UsedMaterialViewViewModel.swift; sourceTree = "<group>"; };
		5BDA426D26E23F60009523A1 /* PurchaseListTableViewController.swift */ = {isa = PBXFileReference; lastKnownFileType = sourcecode.swift; path = PurchaseListTableViewController.swift; sourceTree = "<group>"; };
		5BDA426F26E24017009523A1 /* PurchaseListTableViewViewModel.swift */ = {isa = PBXFileReference; lastKnownFileType = sourcecode.swift; path = PurchaseListTableViewViewModel.swift; sourceTree = "<group>"; };
		5BDA427226E24F10009523A1 /* SupportingView.swift */ = {isa = PBXFileReference; lastKnownFileType = sourcecode.swift; path = SupportingView.swift; sourceTree = "<group>"; };
		5C620F75F1347B75AD0B52C1 /* Pods-ClaysAndGlazes.release.xcconfig */ = {isa = PBXFileReference; includeInIndex = 1; lastKnownFileType = text.xcconfig; name = "Pods-ClaysAndGlazes.release.xcconfig"; path = "Target Support Files/Pods-ClaysAndGlazes/Pods-ClaysAndGlazes.release.xcconfig"; sourceTree = "<group>"; };
		7FAF948F4E8DC306AA8C931F /* Pods-ClaysAndGlazesTests.release.xcconfig */ = {isa = PBXFileReference; includeInIndex = 1; lastKnownFileType = text.xcconfig; name = "Pods-ClaysAndGlazesTests.release.xcconfig"; path = "Target Support Files/Pods-ClaysAndGlazesTests/Pods-ClaysAndGlazesTests.release.xcconfig"; sourceTree = "<group>"; };
		8117FF634E2782306B4DA772 /* Pods_ClaysAndGlazes_ClaysAndGlazesUITests.framework */ = {isa = PBXFileReference; explicitFileType = wrapper.framework; includeInIndex = 0; path = Pods_ClaysAndGlazes_ClaysAndGlazesUITests.framework; sourceTree = BUILT_PRODUCTS_DIR; };
		82681117FEC80C759899A294 /* Pods-ClaysAndGlazes.debug.xcconfig */ = {isa = PBXFileReference; includeInIndex = 1; lastKnownFileType = text.xcconfig; name = "Pods-ClaysAndGlazes.debug.xcconfig"; path = "Target Support Files/Pods-ClaysAndGlazes/Pods-ClaysAndGlazes.debug.xcconfig"; sourceTree = "<group>"; };
		BF3FA741AF8DFCA0761E0E69 /* Pods_ClaysAndGlazes.framework */ = {isa = PBXFileReference; explicitFileType = wrapper.framework; includeInIndex = 0; path = Pods_ClaysAndGlazes.framework; sourceTree = BUILT_PRODUCTS_DIR; };
/* End PBXFileReference section */

/* Begin PBXFrameworksBuildPhase section */
		5B060F2D261233510090E250 /* Frameworks */ = {
			isa = PBXFrameworksBuildPhase;
			buildActionMask = 2147483647;
			files = (
				5BDA425D26DE46F4009523A1 /* iOSDropDown.framework in Frameworks */,
				B363CE15067887DB1980F7AC /* Pods_ClaysAndGlazes.framework in Frameworks */,
			);
			runOnlyForDeploymentPostprocessing = 0;
		};
		5B060F43261233550090E250 /* Frameworks */ = {
			isa = PBXFrameworksBuildPhase;
			buildActionMask = 2147483647;
			files = (
				FDBE40BFE3EC01954761C970 /* Pods_ClaysAndGlazesTests.framework in Frameworks */,
			);
			runOnlyForDeploymentPostprocessing = 0;
		};
		5B060F4E261233560090E250 /* Frameworks */ = {
			isa = PBXFrameworksBuildPhase;
			buildActionMask = 2147483647;
			files = (
				4D367A0B4D12E00BE7FBB68B /* Pods_ClaysAndGlazes_ClaysAndGlazesUITests.framework in Frameworks */,
			);
			runOnlyForDeploymentPostprocessing = 0;
		};
/* End PBXFrameworksBuildPhase section */

/* Begin PBXGroup section */
		3F6F12285ADC8023EAC1A284 /* Pods */ = {
			isa = PBXGroup;
			children = (
				82681117FEC80C759899A294 /* Pods-ClaysAndGlazes.debug.xcconfig */,
				5C620F75F1347B75AD0B52C1 /* Pods-ClaysAndGlazes.release.xcconfig */,
				25B6A23228CE8105209523A5 /* Pods-ClaysAndGlazes-ClaysAndGlazesUITests.debug.xcconfig */,
				112EAF20DE61220870820CE1 /* Pods-ClaysAndGlazes-ClaysAndGlazesUITests.release.xcconfig */,
				50085F0E65F43A58F5EA5823 /* Pods-ClaysAndGlazesTests.debug.xcconfig */,
				7FAF948F4E8DC306AA8C931F /* Pods-ClaysAndGlazesTests.release.xcconfig */,
			);
			path = Pods;
			sourceTree = "<group>";
		};
		5B060F27261233510090E250 = {
			isa = PBXGroup;
			children = (
				5B060F32261233510090E250 /* ClaysAndGlazes */,
				5B060F49261233550090E250 /* ClaysAndGlazesTests */,
				5B060F54261233560090E250 /* ClaysAndGlazesUITests */,
				5B060F31261233510090E250 /* Products */,
				3F6F12285ADC8023EAC1A284 /* Pods */,
				A49883B47984966AAAF46FC5 /* Frameworks */,
			);
			sourceTree = "<group>";
		};
		5B060F31261233510090E250 /* Products */ = {
			isa = PBXGroup;
			children = (
				5B060F30261233510090E250 /* ClaysAndGlazes.app */,
				5B060F46261233550090E250 /* ClaysAndGlazesTests.xctest */,
				5B060F51261233560090E250 /* ClaysAndGlazesUITests.xctest */,
			);
			name = Products;
			sourceTree = "<group>";
		};
		5B060F32261233510090E250 /* ClaysAndGlazes */ = {
			isa = PBXGroup;
			children = (
				5B060F81261233C60090E250 /* Resources */,
				5B060F69261233940090E250 /* App */,
				5B060F41261233550090E250 /* Info.plist */,
				5B2C04F52654F67F00FB1CED /* GoogleService-Info.plist */,
			);
			path = ClaysAndGlazes;
			sourceTree = "<group>";
		};
		5B060F49261233550090E250 /* ClaysAndGlazesTests */ = {
			isa = PBXGroup;
			children = (
				5B060F4A261233560090E250 /* ClaysAndGlazesTests.swift */,
				5B060F4C261233560090E250 /* Info.plist */,
			);
			path = ClaysAndGlazesTests;
			sourceTree = "<group>";
		};
		5B060F54261233560090E250 /* ClaysAndGlazesUITests */ = {
			isa = PBXGroup;
			children = (
				5B060F55261233560090E250 /* ClaysAndGlazesUITests.swift */,
				5B060F57261233560090E250 /* Info.plist */,
			);
			path = ClaysAndGlazesUITests;
			sourceTree = "<group>";
		};
		5B060F69261233940090E250 /* App */ = {
			isa = PBXGroup;
			children = (
				5B060F35261233510090E250 /* SceneDelegate.swift */,
				5B060F33261233510090E250 /* AppDelegate.swift */,
				5B060F6B261233AF0090E250 /* Business Logic */,
			);
			path = App;
			sourceTree = "<group>";
		};
		5B060F6B261233AF0090E250 /* Business Logic */ = {
			isa = PBXGroup;
			children = (
				5B6E14A826B2C45F0072FB7E /* Protocols */,
				5B63CE6126A6CE7500AB81AC /* LocalStorageService */,
				5B63CE5C26A6BCE900AB81AC /* Section */,
				5B2C04682625D27D00FB1CED /* Helpers */,
				5B06102B261DA22C0090E250 /* Headers */,
				5B06101C261B35530090E250 /* Animation */,
				5B060FF826174D150090E250 /* Views */,
				5B060F962614842A0090E250 /* Cells */,
				5B060F6C261233AF0090E250 /* Entity */,
				5B060F6E261233AF0090E250 /* ViewControllers */,
			);
			path = "Business Logic";
			sourceTree = "<group>";
		};
		5B060F6C261233AF0090E250 /* Entity */ = {
			isa = PBXGroup;
			children = (
				5B060F6D261233AF0090E250 /* Response.swift */,
				5B060FDF261605190090E250 /* GlazesSearchResponse.swift */,
				5B2C04B72627164B00FB1CED /* GlazesResponse.swift */,
				5B63CE5F26A6CA7A00AB81AC /* Material.swift */,
				5B188EA526F4B799002A2EBE /* MaterialStatisticItem.swift */,
			);
			path = Entity;
			sourceTree = "<group>";
		};
		5B060F6E261233AF0090E250 /* ViewControllers */ = {
			isa = PBXGroup;
			children = (
				5B63CE7726A9566300AB81AC /* GlazesRecipes */,
				5B63CE5426A6942700AB81AC /* Materials */,
				5B2C04622625D04500FB1CED /* Glazes */,
				5B2C04612625D02B00FB1CED /* Clays */,
			);
			path = ViewControllers;
			sourceTree = "<group>";
		};
		5B060F73261233AF0090E250 /* ClaysGlazeLocalStorageService */ = {
			isa = PBXGroup;
			children = (
				5B060F74261233AF0090E250 /* ClaysGlazeLocalStorageService.swift */,
			);
			path = ClaysGlazeLocalStorageService;
			sourceTree = "<group>";
		};
		5B060F81261233C60090E250 /* Resources */ = {
			isa = PBXGroup;
			children = (
				5B060FC32614B98B0090E250 /* Data */,
				5B060F3C261233550090E250 /* Assets.xcassets */,
				5B060F3E261233550090E250 /* LaunchScreen.storyboard */,
			);
			path = Resources;
			sourceTree = "<group>";
		};
		5B060F962614842A0090E250 /* Cells */ = {
			isa = PBXGroup;
			children = (
				5BBD354826F9FD15000B7DF6 /* StatisticCell */,
				5B6E14BF26B3EC130072FB7E /* ClayCell */,
				5B6E14AF26B2CDE00072FB7E /* DefaultCell */,
				5B6E14B226B2CE420072FB7E /* MaterialCell */,
			);
			path = Cells;
			sourceTree = "<group>";
		};
		5B060F9F2614A36E0090E250 /* Collapsible */ = {
			isa = PBXGroup;
			children = (
				5B060FA02614A3C60090E250 /* CollapsibleTableViewHeader.swift */,
			);
			path = Collapsible;
			sourceTree = "<group>";
		};
		5B060FC32614B98B0090E250 /* Data */ = {
			isa = PBXGroup;
			children = (
				5B2C04F126539B8E00FB1CED /* JSONs */,
				5B2C04F026539B7F00FB1CED /* Icons */,
			);
			path = Data;
			sourceTree = "<group>";
		};
		5B060FF826174D150090E250 /* Views */ = {
			isa = PBXGroup;
			children = (
				5B188EA226F4AC47002A2EBE /* MaterialsViews */,
				5BDA427226E24F10009523A1 /* SupportingView.swift */,
				5BAB806C26EB549C00D32D06 /* MainMaterialsListTileView.swift */,
				5B061036261EF0B70090E250 /* StartView.swift */,
				5B6E14DB26BD40210072FB7E /* InformationView */,
			);
			path = Views;
			sourceTree = "<group>";
		};
		5B06101C261B35530090E250 /* Animation */ = {
			isa = PBXGroup;
			children = (
				5B06101D261B356D0090E250 /* Animation.swift */,
			);
			path = Animation;
			sourceTree = "<group>";
		};
		5B06102B261DA22C0090E250 /* Headers */ = {
			isa = PBXGroup;
			children = (
				5B060F9F2614A36E0090E250 /* Collapsible */,
				5B06102C261DA2A80090E250 /* DefaultHeader.swift */,
			);
			path = Headers;
			sourceTree = "<group>";
		};
		5B188EA226F4AC47002A2EBE /* MaterialsViews */ = {
			isa = PBXGroup;
			children = (
				5B188EB226F9C847002A2EBE /* MaterialStatisticView */,
				5BDA426226DF8206009523A1 /* UsedMaterialViews */,
				5BAB808426F231EE00D32D06 /* PurchaseListViews */,
			);
			path = MaterialsViews;
			sourceTree = "<group>";
		};
		5B188EA726F4BA53002A2EBE /* Statistic */ = {
			isa = PBXGroup;
			children = (
				5B188EA826F4BA67002A2EBE /* StatisticController.swift */,
			);
			path = Statistic;
			sourceTree = "<group>";
		};
		5B188EAA26F4C15D002A2EBE /* ViewModel */ = {
			isa = PBXGroup;
			children = (
				5B188EAB26F4C174002A2EBE /* MaterialsListMainViewViewModel.swift */,
			);
			path = ViewModel;
			sourceTree = "<group>";
		};
		5B188EB226F9C847002A2EBE /* MaterialStatisticView */ = {
			isa = PBXGroup;
			children = (
				5B188EA326F4AC94002A2EBE /* MaterialsStatisticView.swift */,
			);
			path = MaterialStatisticView;
			sourceTree = "<group>";
		};
		5B2C04612625D02B00FB1CED /* Clays */ = {
			isa = PBXGroup;
			children = (
				5B6E14BB26B3EB2A0072FB7E /* ClaysTableViewController */,
				5B6E14AB26B2C8D60072FB7E /* TemperatureTableViewController */,
				5B6E14B326B2D24D0072FB7E /* CrackleTableViewController */,
				5B6E14B726B2E5E30072FB7E /* GlazesTableViewController */,
			);
			path = Clays;
			sourceTree = "<group>";
		};
		5B2C04622625D04500FB1CED /* Glazes */ = {
			isa = PBXGroup;
			children = (
				5B6E14C726B424040072FB7E /* ChooseGlazeTableViewController */,
				5B6E14CB26B966710072FB7E /* ClazeTemperatureTableViewController */,
				5B6E14CF26B97A5B0072FB7E /* ClaysForGlazeTableViewController */,
			);
			path = Glazes;
			sourceTree = "<group>";
		};
		5B2C04682625D27D00FB1CED /* Helpers */ = {
			isa = PBXGroup;
			children = (
				5B2C04692625D29C00FB1CED /* Extensions + UIColor + UITableViewController + UIViewController + UIView + UIImageView + Array.swift */,
			);
			path = Helpers;
			sourceTree = "<group>";
		};
		5B2C04F026539B7F00FB1CED /* Icons */ = {
			isa = PBXGroup;
			children = (
				5BBD355126FCA3C7000B7DF6 /* addMaterialIcon.png */,
				5BAB808026F2273400D32D06 /* checkedBox.png */,
				5BAB808226F2319500D32D06 /* uncheckedBox.png */,
				5BAB807C26EF648E00D32D06 /* purchaseListIcon200x200.png */,
				5BAB807626EF4E8700D32D06 /* handsWithClayIcon.png */,
				5BAB807026EF434E00D32D06 /* usedMaterialsIcon.png */,
				5BDA426026DE61A1009523A1 /* plusButton.png */,
				5B2C04D4262B3A9400FB1CED /* glazeBrushGrayIcon.png */,
				5B2C04CA262B3A7A00FB1CED /* clayGrayIcon.png */,
				5B2C04CF262B3A8900FB1CED /* glazeBrushBlue.png */,
				5B2C04C5262B3A6E00FB1CED /* clayIconBlue.png */,
				5B2C052D2656920300FB1CED /* placeholder.png */,
			);
			path = Icons;
			sourceTree = "<group>";
		};
		5B2C04F126539B8E00FB1CED /* JSONs */ = {
			isa = PBXGroup;
			children = (
				5B2C04AF262709E200FB1CED /* GlazesInfo.json */,
				5B060FDA2615FD520090E250 /* GlazesList.json */,
				5B060FCC2614C3B90090E250 /* ClaysInfo.json */,
			);
			path = JSONs;
			sourceTree = "<group>";
		};
		5B63CE5426A6942700AB81AC /* Materials */ = {
			isa = PBXGroup;
			children = (
				5B188EA726F4BA53002A2EBE /* Statistic */,
				5BDA425426DCF334009523A1 /* MaterialsListMainViewController */,
				5B6E149F26B17B180072FB7E /* MaterialsListTableViewController */,
				5BDA426C26E23F0A009523A1 /* PurchaseListTableViewController */,
				5BDA425926DE4212009523A1 /* UsedMaterialsViewController */,
				5B63CE6926A82F3400AB81AC /* EditMaterialViewController */,
				5B63CE5926A6AB0500AB81AC /* AddMaterialViewController */,
			);
			path = Materials;
			sourceTree = "<group>";
		};
		5B63CE5926A6AB0500AB81AC /* AddMaterialViewController */ = {
			isa = PBXGroup;
			children = (
				5B63CE5A26A6AB2A00AB81AC /* AddMaterialViewController.swift */,
				5B6E14DC26C262940072FB7E /* Extension */,
				5B6E14A526B2BF610072FB7E /* ViewModel */,
			);
			path = AddMaterialViewController;
			sourceTree = "<group>";
		};
		5B63CE5C26A6BCE900AB81AC /* Section */ = {
			isa = PBXGroup;
			children = (
				5B63CE5D26A6BCFC00AB81AC /* Section.swift */,
			);
			path = Section;
			sourceTree = "<group>";
		};
		5B63CE6126A6CE7500AB81AC /* LocalStorageService */ = {
			isa = PBXGroup;
			children = (
				5B060F73261233AF0090E250 /* ClaysGlazeLocalStorageService */,
				5BBD355326FCA61E000B7DF6 /* MaterialsLocalStorageService */,
				5B88EF8326FCA978002493B6 /* Extensions */,
				5B88EF8426FDBE26002493B6 /* StorageKeys.swift */,
			);
			path = LocalStorageService;
			sourceTree = "<group>";
		};
		5B63CE6926A82F3400AB81AC /* EditMaterialViewController */ = {
			isa = PBXGroup;
			children = (
				5B63CE6A26A82F5600AB81AC /* EditMaterialViewController.swift */,
				5B6E14A426B191110072FB7E /* ViewModel */,
			);
			path = EditMaterialViewController;
			sourceTree = "<group>";
		};
		5B63CE6C26A82F7900AB81AC /* Presenter */ = {
			isa = PBXGroup;
			children = (
				5B63CE6726A8065B00AB81AC /* MaterialsListPresenter.swift */,
			);
			path = Presenter;
			sourceTree = "<group>";
		};
		5B63CE7226A9530F00AB81AC /* Presenter */ = {
			isa = PBXGroup;
			children = (
				5B63CE7326A9532400AB81AC /* GlazesListPresenter.swift */,
			);
			path = Presenter;
			sourceTree = "<group>";
		};
		5B63CE7726A9566300AB81AC /* GlazesRecipes */ = {
			isa = PBXGroup;
			children = (
				5B63CE7826A956A900AB81AC /* GlazesRecipesCollectionViewController.swift */,
			);
			path = GlazesRecipes;
			sourceTree = "<group>";
		};
		5B6E149C26B163BF0072FB7E /* ViewModel */ = {
			isa = PBXGroup;
			children = (
				5B6E149A26B161BF0072FB7E /* MaterialsListViewModel.swift */,
			);
			path = ViewModel;
			sourceTree = "<group>";
		};
		5B6E149F26B17B180072FB7E /* MaterialsListTableViewController */ = {
			isa = PBXGroup;
			children = (
				5B88EF8126FCA8AF002493B6 /* MaterialsListTableViewController.swift */,
				5B63CE6C26A82F7900AB81AC /* Presenter */,
				5B6E149C26B163BF0072FB7E /* ViewModel */,
			);
			path = MaterialsListTableViewController;
			sourceTree = "<group>";
		};
		5B6E14A426B191110072FB7E /* ViewModel */ = {
			isa = PBXGroup;
			children = (
				5B6E14A226B18DCE0072FB7E /* EditMaterialViewModel.swift */,
			);
			path = ViewModel;
			sourceTree = "<group>";
		};
		5B6E14A526B2BF610072FB7E /* ViewModel */ = {
			isa = PBXGroup;
			children = (
				5B6E14A626B2BF740072FB7E /* AddMaterialViewModel.swift */,
			);
			path = ViewModel;
			sourceTree = "<group>";
		};
		5B6E14A826B2C45F0072FB7E /* Protocols */ = {
			isa = PBXGroup;
			children = (
				5B6E14A926B2C46F0072FB7E /* Protocols.swift */,
			);
			path = Protocols;
			sourceTree = "<group>";
		};
		5B6E14AB26B2C8D60072FB7E /* TemperatureTableViewController */ = {
			isa = PBXGroup;
			children = (
				5B6E14AC26B2C8E80072FB7E /* ViewModel */,
				5B060F6F261233AF0090E250 /* ClaysTemperatureTableViewController.swift */,
			);
			path = TemperatureTableViewController;
			sourceTree = "<group>";
		};
		5B6E14AC26B2C8E80072FB7E /* ViewModel */ = {
			isa = PBXGroup;
			children = (
				5B6E14AD26B2C9040072FB7E /* ClayTemperatureTableViewModel.swift */,
			);
			path = ViewModel;
			sourceTree = "<group>";
		};
		5B6E14AF26B2CDE00072FB7E /* DefaultCell */ = {
			isa = PBXGroup;
			children = (
				5B061031261DA9B00090E250 /* DefaultCell.swift */,
				5B6E14B026B2CE090072FB7E /* DefaultCellViewModel.swift */,
			);
			path = DefaultCell;
			sourceTree = "<group>";
		};
		5B6E14B226B2CE420072FB7E /* MaterialCell */ = {
			isa = PBXGroup;
			children = (
				5B63CE6D26A83AE600AB81AC /* MaterialCell.swift */,
				5B6E149D26B168AE0072FB7E /* MaterialTableViewCellViewModel.swift */,
			);
			path = MaterialCell;
			sourceTree = "<group>";
		};
		5B6E14B326B2D24D0072FB7E /* CrackleTableViewController */ = {
			isa = PBXGroup;
			children = (
				5B6E14B426B2D25D0072FB7E /* ViewModel */,
				5B060F70261233AF0090E250 /* CrackleTableViewController.swift */,
			);
			path = CrackleTableViewController;
			sourceTree = "<group>";
		};
		5B6E14B426B2D25D0072FB7E /* ViewModel */ = {
			isa = PBXGroup;
			children = (
				5B6E14B526B2D2720072FB7E /* CrackleTableViewViewModel.swift */,
			);
			path = ViewModel;
			sourceTree = "<group>";
		};
		5B6E14B726B2E5E30072FB7E /* GlazesTableViewController */ = {
			isa = PBXGroup;
			children = (
				5B6E14B826B2E5FC0072FB7E /* ViewModel */,
				5B060F71261233AF0090E250 /* GlazesForClayTableViewController.swift */,
			);
			path = GlazesTableViewController;
			sourceTree = "<group>";
		};
		5B6E14B826B2E5FC0072FB7E /* ViewModel */ = {
			isa = PBXGroup;
			children = (
				5B6E14B926B2E6150072FB7E /* GlazesForClayTableViewViewModel.swift */,
			);
			path = ViewModel;
			sourceTree = "<group>";
		};
		5B6E14BB26B3EB2A0072FB7E /* ClaysTableViewController */ = {
			isa = PBXGroup;
			children = (
				5B6E14D326BD25DF0072FB7E /* Extensions */,
				5B6E14C226B3F86F0072FB7E /* Presenter */,
				5B6E14BC26B3EB690072FB7E /* ViewModel */,
				5B060F72261233AF0090E250 /* ClaysTableViewController.swift */,
			);
			path = ClaysTableViewController;
			sourceTree = "<group>";
		};
		5B6E14BC26B3EB690072FB7E /* ViewModel */ = {
			isa = PBXGroup;
			children = (
				5B6E14BD26B3EBA10072FB7E /* ClaysTableViewViewModel.swift */,
			);
			path = ViewModel;
			sourceTree = "<group>";
		};
		5B6E14BF26B3EC130072FB7E /* ClayCell */ = {
			isa = PBXGroup;
			children = (
				5B060F97261484440090E250 /* ClayCell.swift */,
				5B6E14C026B3EC350072FB7E /* ClayCellViewModel.swift */,
			);
			path = ClayCell;
			sourceTree = "<group>";
		};
		5B6E14C226B3F86F0072FB7E /* Presenter */ = {
			isa = PBXGroup;
			children = (
				5B6E14C326B3F88A0072FB7E /* ClaysListPresenter.swift */,
			);
			path = Presenter;
			sourceTree = "<group>";
		};
		5B6E14C726B424040072FB7E /* ChooseGlazeTableViewController */ = {
			isa = PBXGroup;
			children = (
				5B6E14D626BD269C0072FB7E /* Extensions */,
				5B63CE7226A9530F00AB81AC /* Presenter */,
				5B6E14C826B424160072FB7E /* ViewModel */,
				5B2C04632625D06700FB1CED /* ChooseGlazeTableViewController.swift */,
			);
			path = ChooseGlazeTableViewController;
			sourceTree = "<group>";
		};
		5B6E14C826B424160072FB7E /* ViewModel */ = {
			isa = PBXGroup;
			children = (
				5B6E14C926B424300072FB7E /* ChooseGlazeTableViewViewModel.swift */,
			);
			path = ViewModel;
			sourceTree = "<group>";
		};
		5B6E14CB26B966710072FB7E /* ClazeTemperatureTableViewController */ = {
			isa = PBXGroup;
			children = (
				5B6E14CC26B966870072FB7E /* ViewModel */,
				5B2C04A72626ED9D00FB1CED /* GlazeTemperatureTableViewController.swift */,
			);
			path = ClazeTemperatureTableViewController;
			sourceTree = "<group>";
		};
		5B6E14CC26B966870072FB7E /* ViewModel */ = {
			isa = PBXGroup;
			children = (
				5B6E14CD26B966A90072FB7E /* GlazeTemperatureTableViewViewModel.swift */,
			);
			path = ViewModel;
			sourceTree = "<group>";
		};
		5B6E14CF26B97A5B0072FB7E /* ClaysForGlazeTableViewController */ = {
			isa = PBXGroup;
			children = (
				5B6E14D026B97A910072FB7E /* ViewModel */,
				5B2C04A22626E88D00FB1CED /* ClaysForGlazeTableViewController.swift */,
			);
			path = ClaysForGlazeTableViewController;
			sourceTree = "<group>";
		};
		5B6E14D026B97A910072FB7E /* ViewModel */ = {
			isa = PBXGroup;
			children = (
				5B6E14D126B97AA30072FB7E /* ClaysForGlazeTableViewViewModel.swift */,
			);
			path = ViewModel;
			sourceTree = "<group>";
		};
		5B6E14D326BD25DF0072FB7E /* Extensions */ = {
			isa = PBXGroup;
			children = (
				5B6E14D426BD26050072FB7E /* Extensions + ClaysTableViewController.swift */,
			);
			path = Extensions;
			sourceTree = "<group>";
		};
		5B6E14D626BD269C0072FB7E /* Extensions */ = {
			isa = PBXGroup;
			children = (
				5B6E14D726BD26C20072FB7E /* Extensions + ChooseGlazeTableViewController.swift */,
			);
			path = Extensions;
			sourceTree = "<group>";
		};
		5B6E14DB26BD40210072FB7E /* InformationView */ = {
			isa = PBXGroup;
			children = (
				5B060FF926174D340090E250 /* InformationView.swift */,
				5B6E14D926BD2A4E0072FB7E /* InformationViewViewModel.swift */,
			);
			path = InformationView;
			sourceTree = "<group>";
		};
		5B6E14DC26C262940072FB7E /* Extension */ = {
			isa = PBXGroup;
			children = (
				5B6E14DD26C262B10072FB7E /* Extension + AddMaterialViewController.swift */,
			);
			path = Extension;
			sourceTree = "<group>";
		};
		5B88EF8326FCA978002493B6 /* Extensions */ = {
			isa = PBXGroup;
			children = (
				5B63CE5226A5A91C00AB81AC /* Network Service.swift */,
				5B63CE6526A6DB7200AB81AC /* Extension + UserDefaults.swift */,
			);
			path = Extensions;
			sourceTree = "<group>";
		};
		5BAB806626EA002600D32D06 /* AddItemToPurchaseListView */ = {
			isa = PBXGroup;
			children = (
				5BAB806026E7910300D32D06 /* AddItemsToPurchaseListIfZeroQuantityView.swift */,
				5BAB806726EB337600D32D06 /* AddItemToPurchaseListManuallyView */,
			);
			path = AddItemToPurchaseListView;
			sourceTree = "<group>";
		};
		5BAB806726EB337600D32D06 /* AddItemToPurchaseListManuallyView */ = {
			isa = PBXGroup;
			children = (
				5BAB806426E9FEFA00D32D06 /* AddItemToPurchaseListManuallyView.swift */,
				5BAB806826EB339E00D32D06 /* AddItemToPurchaseListManuallyViewViewModel.swift */,
			);
			path = AddItemToPurchaseListManuallyView;
			sourceTree = "<group>";
		};
		5BAB808426F231EE00D32D06 /* PurchaseListViews */ = {
			isa = PBXGroup;
			children = (
				5BAB807E26F1E1DA00D32D06 /* PurchaseListHeaderActionView.swift */,
				5BAB806626EA002600D32D06 /* AddItemToPurchaseListView */,
			);
			path = PurchaseListViews;
			sourceTree = "<group>";
		};
		5BBD354826F9FD15000B7DF6 /* StatisticCell */ = {
			isa = PBXGroup;
			children = (
				5BBD354926F9FD3F000B7DF6 /* StatisticTableViewCell.swift */,
				5BBD354B26F9FDA1000B7DF6 /* StatisticTableViewCellViewModel.swift */,
			);
			path = StatisticCell;
			sourceTree = "<group>";
		};
		5BBD355326FCA61E000B7DF6 /* MaterialsLocalStorageService */ = {
			isa = PBXGroup;
			children = (
				5B63CE6226A6CE9300AB81AC /* MaterialsLocalStorageService.swift */,
			);
			path = MaterialsLocalStorageService;
			sourceTree = "<group>";
		};
		5BDA425426DCF334009523A1 /* MaterialsListMainViewController */ = {
			isa = PBXGroup;
			children = (
				5BDA425526DCF356009523A1 /* MaterialsListMainViewController.swift */,
				5B188EAA26F4C15D002A2EBE /* ViewModel */,
			);
			path = MaterialsListMainViewController;
			sourceTree = "<group>";
		};
		5BDA425926DE4212009523A1 /* UsedMaterialsViewController */ = {
			isa = PBXGroup;
			children = (
				5BDA425A26DE423B009523A1 /* UsedMaterialsViewController.swift */,
				5BDA426B26E2159D009523A1 /* ViewModel */,
			);
			path = UsedMaterialsViewController;
			sourceTree = "<group>";
		};
		5BDA426226DF8206009523A1 /* UsedMaterialViews */ = {
			isa = PBXGroup;
			children = (
				5BDA425E26DE4A53009523A1 /* UsedMaterialView.swift */,
				5BDA426326DF8232009523A1 /* DescribingView.swift */,
			);
			path = UsedMaterialViews;
			sourceTree = "<group>";
		};
		5BDA426B26E2159D009523A1 /* ViewModel */ = {
			isa = PBXGroup;
			children = (
				5BDA426926E20FF9009523A1 /* UsedMaterialViewViewModel.swift */,
			);
			path = ViewModel;
			sourceTree = "<group>";
		};
		5BDA426C26E23F0A009523A1 /* PurchaseListTableViewController */ = {
			isa = PBXGroup;
			children = (
				5BDA426D26E23F60009523A1 /* PurchaseListTableViewController.swift */,
				5BDA427126E24D7E009523A1 /* ViewModel */,
			);
			path = PurchaseListTableViewController;
			sourceTree = "<group>";
		};
		5BDA427126E24D7E009523A1 /* ViewModel */ = {
			isa = PBXGroup;
			children = (
				5BDA426F26E24017009523A1 /* PurchaseListTableViewViewModel.swift */,
			);
			path = ViewModel;
			sourceTree = "<group>";
		};
		A49883B47984966AAAF46FC5 /* Frameworks */ = {
			isa = PBXGroup;
			children = (
				5BDA425C26DE46F4009523A1 /* iOSDropDown.framework */,
				BF3FA741AF8DFCA0761E0E69 /* Pods_ClaysAndGlazes.framework */,
				8117FF634E2782306B4DA772 /* Pods_ClaysAndGlazes_ClaysAndGlazesUITests.framework */,
				4214CE66D5C90856B9A2A727 /* Pods_ClaysAndGlazesTests.framework */,
			);
			name = Frameworks;
			sourceTree = "<group>";
		};
/* End PBXGroup section */

/* Begin PBXNativeTarget section */
		5B060F2F261233510090E250 /* ClaysAndGlazes */ = {
			isa = PBXNativeTarget;
			buildConfigurationList = 5B060F5A261233560090E250 /* Build configuration list for PBXNativeTarget "ClaysAndGlazes" */;
			buildPhases = (
				70B3CAAF43F5147DF05F2AF8 /* [CP] Check Pods Manifest.lock */,
				5B060F2C261233510090E250 /* Sources */,
				5B060F2D261233510090E250 /* Frameworks */,
				5B060F2E261233510090E250 /* Resources */,
				78AF68BA8071269E08A03F66 /* [CP] Embed Pods Frameworks */,
			);
			buildRules = (
			);
			dependencies = (
			);
			name = ClaysAndGlazes;
			productName = ClaysAndGlazes;
			productReference = 5B060F30261233510090E250 /* ClaysAndGlazes.app */;
			productType = "com.apple.product-type.application";
		};
		5B060F45261233550090E250 /* ClaysAndGlazesTests */ = {
			isa = PBXNativeTarget;
			buildConfigurationList = 5B060F5D261233560090E250 /* Build configuration list for PBXNativeTarget "ClaysAndGlazesTests" */;
			buildPhases = (
				1DA5742E11C37EE90A78E0F2 /* [CP] Check Pods Manifest.lock */,
				5B060F42261233550090E250 /* Sources */,
				5B060F43261233550090E250 /* Frameworks */,
				5B060F44261233550090E250 /* Resources */,
			);
			buildRules = (
			);
			dependencies = (
				5B060F48261233550090E250 /* PBXTargetDependency */,
			);
			name = ClaysAndGlazesTests;
			productName = ClaysAndGlazesTests;
			productReference = 5B060F46261233550090E250 /* ClaysAndGlazesTests.xctest */;
			productType = "com.apple.product-type.bundle.unit-test";
		};
		5B060F50261233560090E250 /* ClaysAndGlazesUITests */ = {
			isa = PBXNativeTarget;
			buildConfigurationList = 5B060F60261233560090E250 /* Build configuration list for PBXNativeTarget "ClaysAndGlazesUITests" */;
			buildPhases = (
				F9DAAECDE906E0B5F9FB872B /* [CP] Check Pods Manifest.lock */,
				5B060F4D261233560090E250 /* Sources */,
				5B060F4E261233560090E250 /* Frameworks */,
				5B060F4F261233560090E250 /* Resources */,
				0705CA9FBCC78EE14B98D84A /* [CP] Embed Pods Frameworks */,
			);
			buildRules = (
			);
			dependencies = (
				5B060F53261233560090E250 /* PBXTargetDependency */,
			);
			name = ClaysAndGlazesUITests;
			productName = ClaysAndGlazesUITests;
			productReference = 5B060F51261233560090E250 /* ClaysAndGlazesUITests.xctest */;
			productType = "com.apple.product-type.bundle.ui-testing";
		};
/* End PBXNativeTarget section */

/* Begin PBXProject section */
		5B060F28261233510090E250 /* Project object */ = {
			isa = PBXProject;
			attributes = {
				LastSwiftUpdateCheck = 1240;
				LastUpgradeCheck = 1240;
				TargetAttributes = {
					5B060F2F261233510090E250 = {
						CreatedOnToolsVersion = 12.4;
					};
					5B060F45261233550090E250 = {
						CreatedOnToolsVersion = 12.4;
						TestTargetID = 5B060F2F261233510090E250;
					};
					5B060F50261233560090E250 = {
						CreatedOnToolsVersion = 12.4;
						TestTargetID = 5B060F2F261233510090E250;
					};
				};
			};
			buildConfigurationList = 5B060F2B261233510090E250 /* Build configuration list for PBXProject "ClaysAndGlazes" */;
			compatibilityVersion = "Xcode 9.3";
			developmentRegion = en;
			hasScannedForEncodings = 0;
			knownRegions = (
				en,
				Base,
			);
			mainGroup = 5B060F27261233510090E250;
			productRefGroup = 5B060F31261233510090E250 /* Products */;
			projectDirPath = "";
			projectRoot = "";
			targets = (
				5B060F2F261233510090E250 /* ClaysAndGlazes */,
				5B060F45261233550090E250 /* ClaysAndGlazesTests */,
				5B060F50261233560090E250 /* ClaysAndGlazesUITests */,
			);
		};
/* End PBXProject section */

/* Begin PBXResourcesBuildPhase section */
		5B060F2E261233510090E250 /* Resources */ = {
			isa = PBXResourcesBuildPhase;
			buildActionMask = 2147483647;
			files = (
				5B060FCD2614C3B90090E250 /* ClaysInfo.json in Resources */,
				5BDA426126DE61A1009523A1 /* plusButton.png in Resources */,
				5B2C04B0262709E200FB1CED /* GlazesInfo.json in Resources */,
				5B060F40261233550090E250 /* LaunchScreen.storyboard in Resources */,
				5BAB807D26EF648F00D32D06 /* purchaseListIcon200x200.png in Resources */,
				5BBD355226FCA3C7000B7DF6 /* addMaterialIcon.png in Resources */,
				5B2C04CB262B3A7B00FB1CED /* clayGrayIcon.png in Resources */,
				5BAB807226EF434F00D32D06 /* usedMaterialsIcon.png in Resources */,
				5BAB808326F2319500D32D06 /* uncheckedBox.png in Resources */,
				5B2C04D0262B3A8900FB1CED /* glazeBrushBlue.png in Resources */,
				5BAB808126F2273500D32D06 /* checkedBox.png in Resources */,
				5B060F3D261233550090E250 /* Assets.xcassets in Resources */,
				5B2C04D5262B3A9400FB1CED /* glazeBrushGrayIcon.png in Resources */,
				5B2C04F62654F67F00FB1CED /* GoogleService-Info.plist in Resources */,
				5B060FDB2615FD520090E250 /* GlazesList.json in Resources */,
				5BAB807726EF4E8700D32D06 /* handsWithClayIcon.png in Resources */,
				5B2C052E2656920300FB1CED /* placeholder.png in Resources */,
				5B2C04C6262B3A6E00FB1CED /* clayIconBlue.png in Resources */,
			);
			runOnlyForDeploymentPostprocessing = 0;
		};
		5B060F44261233550090E250 /* Resources */ = {
			isa = PBXResourcesBuildPhase;
			buildActionMask = 2147483647;
			files = (
			);
			runOnlyForDeploymentPostprocessing = 0;
		};
		5B060F4F261233560090E250 /* Resources */ = {
			isa = PBXResourcesBuildPhase;
			buildActionMask = 2147483647;
			files = (
			);
			runOnlyForDeploymentPostprocessing = 0;
		};
/* End PBXResourcesBuildPhase section */

/* Begin PBXShellScriptBuildPhase section */
		0705CA9FBCC78EE14B98D84A /* [CP] Embed Pods Frameworks */ = {
			isa = PBXShellScriptBuildPhase;
			buildActionMask = 2147483647;
			files = (
			);
			inputFileListPaths = (
				"${PODS_ROOT}/Target Support Files/Pods-ClaysAndGlazes-ClaysAndGlazesUITests/Pods-ClaysAndGlazes-ClaysAndGlazesUITests-frameworks-${CONFIGURATION}-input-files.xcfilelist",
			);
			name = "[CP] Embed Pods Frameworks";
			outputFileListPaths = (
				"${PODS_ROOT}/Target Support Files/Pods-ClaysAndGlazes-ClaysAndGlazesUITests/Pods-ClaysAndGlazes-ClaysAndGlazesUITests-frameworks-${CONFIGURATION}-output-files.xcfilelist",
			);
			runOnlyForDeploymentPostprocessing = 0;
			shellPath = /bin/sh;
			shellScript = "\"${PODS_ROOT}/Target Support Files/Pods-ClaysAndGlazes-ClaysAndGlazesUITests/Pods-ClaysAndGlazes-ClaysAndGlazesUITests-frameworks.sh\"\n";
			showEnvVarsInLog = 0;
		};
		1DA5742E11C37EE90A78E0F2 /* [CP] Check Pods Manifest.lock */ = {
			isa = PBXShellScriptBuildPhase;
			buildActionMask = 2147483647;
			files = (
			);
			inputFileListPaths = (
			);
			inputPaths = (
				"${PODS_PODFILE_DIR_PATH}/Podfile.lock",
				"${PODS_ROOT}/Manifest.lock",
			);
			name = "[CP] Check Pods Manifest.lock";
			outputFileListPaths = (
			);
			outputPaths = (
				"$(DERIVED_FILE_DIR)/Pods-ClaysAndGlazesTests-checkManifestLockResult.txt",
			);
			runOnlyForDeploymentPostprocessing = 0;
			shellPath = /bin/sh;
			shellScript = "diff \"${PODS_PODFILE_DIR_PATH}/Podfile.lock\" \"${PODS_ROOT}/Manifest.lock\" > /dev/null\nif [ $? != 0 ] ; then\n    # print error to STDERR\n    echo \"error: The sandbox is not in sync with the Podfile.lock. Run 'pod install' or update your CocoaPods installation.\" >&2\n    exit 1\nfi\n# This output is used by Xcode 'outputs' to avoid re-running this script phase.\necho \"SUCCESS\" > \"${SCRIPT_OUTPUT_FILE_0}\"\n";
			showEnvVarsInLog = 0;
		};
		70B3CAAF43F5147DF05F2AF8 /* [CP] Check Pods Manifest.lock */ = {
			isa = PBXShellScriptBuildPhase;
			buildActionMask = 2147483647;
			files = (
			);
			inputFileListPaths = (
			);
			inputPaths = (
				"${PODS_PODFILE_DIR_PATH}/Podfile.lock",
				"${PODS_ROOT}/Manifest.lock",
			);
			name = "[CP] Check Pods Manifest.lock";
			outputFileListPaths = (
			);
			outputPaths = (
				"$(DERIVED_FILE_DIR)/Pods-ClaysAndGlazes-checkManifestLockResult.txt",
			);
			runOnlyForDeploymentPostprocessing = 0;
			shellPath = /bin/sh;
			shellScript = "diff \"${PODS_PODFILE_DIR_PATH}/Podfile.lock\" \"${PODS_ROOT}/Manifest.lock\" > /dev/null\nif [ $? != 0 ] ; then\n    # print error to STDERR\n    echo \"error: The sandbox is not in sync with the Podfile.lock. Run 'pod install' or update your CocoaPods installation.\" >&2\n    exit 1\nfi\n# This output is used by Xcode 'outputs' to avoid re-running this script phase.\necho \"SUCCESS\" > \"${SCRIPT_OUTPUT_FILE_0}\"\n";
			showEnvVarsInLog = 0;
		};
		78AF68BA8071269E08A03F66 /* [CP] Embed Pods Frameworks */ = {
			isa = PBXShellScriptBuildPhase;
			buildActionMask = 2147483647;
			files = (
			);
			inputFileListPaths = (
				"${PODS_ROOT}/Target Support Files/Pods-ClaysAndGlazes/Pods-ClaysAndGlazes-frameworks-${CONFIGURATION}-input-files.xcfilelist",
			);
			name = "[CP] Embed Pods Frameworks";
			outputFileListPaths = (
				"${PODS_ROOT}/Target Support Files/Pods-ClaysAndGlazes/Pods-ClaysAndGlazes-frameworks-${CONFIGURATION}-output-files.xcfilelist",
			);
			runOnlyForDeploymentPostprocessing = 0;
			shellPath = /bin/sh;
			shellScript = "\"${PODS_ROOT}/Target Support Files/Pods-ClaysAndGlazes/Pods-ClaysAndGlazes-frameworks.sh\"\n";
			showEnvVarsInLog = 0;
		};
		F9DAAECDE906E0B5F9FB872B /* [CP] Check Pods Manifest.lock */ = {
			isa = PBXShellScriptBuildPhase;
			buildActionMask = 2147483647;
			files = (
			);
			inputFileListPaths = (
			);
			inputPaths = (
				"${PODS_PODFILE_DIR_PATH}/Podfile.lock",
				"${PODS_ROOT}/Manifest.lock",
			);
			name = "[CP] Check Pods Manifest.lock";
			outputFileListPaths = (
			);
			outputPaths = (
				"$(DERIVED_FILE_DIR)/Pods-ClaysAndGlazes-ClaysAndGlazesUITests-checkManifestLockResult.txt",
			);
			runOnlyForDeploymentPostprocessing = 0;
			shellPath = /bin/sh;
			shellScript = "diff \"${PODS_PODFILE_DIR_PATH}/Podfile.lock\" \"${PODS_ROOT}/Manifest.lock\" > /dev/null\nif [ $? != 0 ] ; then\n    # print error to STDERR\n    echo \"error: The sandbox is not in sync with the Podfile.lock. Run 'pod install' or update your CocoaPods installation.\" >&2\n    exit 1\nfi\n# This output is used by Xcode 'outputs' to avoid re-running this script phase.\necho \"SUCCESS\" > \"${SCRIPT_OUTPUT_FILE_0}\"\n";
			showEnvVarsInLog = 0;
		};
/* End PBXShellScriptBuildPhase section */

/* Begin PBXSourcesBuildPhase section */
		5B060F2C261233510090E250 /* Sources */ = {
			isa = PBXSourcesBuildPhase;
			buildActionMask = 2147483647;
			files = (
				5BBD354C26F9FDA1000B7DF6 /* StatisticTableViewCellViewModel.swift in Sources */,
				5B060FA12614A3C60090E250 /* CollapsibleTableViewHeader.swift in Sources */,
				5B2C046A2625D29C00FB1CED /* Extensions + UIColor + UITableViewController + UIViewController + UIView + UIImageView + Array.swift in Sources */,
				5BDA425B26DE423B009523A1 /* UsedMaterialsViewController.swift in Sources */,
				5B6E14BA26B2E6150072FB7E /* GlazesForClayTableViewViewModel.swift in Sources */,
				5B88EF8226FCA8AF002493B6 /* MaterialsListTableViewController.swift in Sources */,
				5B061032261DA9B00090E250 /* DefaultCell.swift in Sources */,
				5B060F75261233AF0090E250 /* Response.swift in Sources */,
				5B63CE7926A956A900AB81AC /* GlazesRecipesCollectionViewController.swift in Sources */,
				5B63CE6B26A82F5600AB81AC /* EditMaterialViewController.swift in Sources */,
				5B2C04642625D06700FB1CED /* ChooseGlazeTableViewController.swift in Sources */,
				5B6E14C126B3EC350072FB7E /* ClayCellViewModel.swift in Sources */,
				5BAB806126E7910300D32D06 /* AddItemsToPurchaseListIfZeroQuantityView.swift in Sources */,
				5B63CE6E26A83AE600AB81AC /* MaterialCell.swift in Sources */,
				5B061037261EF0B70090E250 /* StartView.swift in Sources */,
				5B6E14AA26B2C46F0072FB7E /* Protocols.swift in Sources */,
				5B6E14BE26B3EBA10072FB7E /* ClaysTableViewViewModel.swift in Sources */,
				5B6E14DE26C262B10072FB7E /* Extension + AddMaterialViewController.swift in Sources */,
				5BDA426E26E23F60009523A1 /* PurchaseListTableViewController.swift in Sources */,
				5B2C04B82627164B00FB1CED /* GlazesResponse.swift in Sources */,
				5BAB806526E9FEFA00D32D06 /* AddItemToPurchaseListManuallyView.swift in Sources */,
				5BDA426426DF8233009523A1 /* DescribingView.swift in Sources */,
				5B63CE5E26A6BCFC00AB81AC /* Section.swift in Sources */,
				5B6E14D226B97AA30072FB7E /* ClaysForGlazeTableViewViewModel.swift in Sources */,
				5B6E14AE26B2C9040072FB7E /* ClayTemperatureTableViewModel.swift in Sources */,
				5B060F77261233AF0090E250 /* CrackleTableViewController.swift in Sources */,
				5BAB806D26EB549C00D32D06 /* MainMaterialsListTileView.swift in Sources */,
				5B060F98261484440090E250 /* ClayCell.swift in Sources */,
				5B060F7A261233AF0090E250 /* ClaysGlazeLocalStorageService.swift in Sources */,
				5B060F78261233AF0090E250 /* GlazesForClayTableViewController.swift in Sources */,
				5BDA427026E24017009523A1 /* PurchaseListTableViewViewModel.swift in Sources */,
				5B060F79261233AF0090E250 /* ClaysTableViewController.swift in Sources */,
				5B6E149E26B168AE0072FB7E /* MaterialTableViewCellViewModel.swift in Sources */,
				5B6E14A726B2BF740072FB7E /* AddMaterialViewModel.swift in Sources */,
				5B6E14D826BD26C20072FB7E /* Extensions + ChooseGlazeTableViewController.swift in Sources */,
				5B6E14B126B2CE090072FB7E /* DefaultCellViewModel.swift in Sources */,
				5B6E149B26B161BF0072FB7E /* MaterialsListViewModel.swift in Sources */,
				5B6E14D526BD26050072FB7E /* Extensions + ClaysTableViewController.swift in Sources */,
				5BDA425626DCF356009523A1 /* MaterialsListMainViewController.swift in Sources */,
				5B63CE5B26A6AB2A00AB81AC /* AddMaterialViewController.swift in Sources */,
				5B060F76261233AF0090E250 /* ClaysTemperatureTableViewController.swift in Sources */,
				5B2C04A32626E88D00FB1CED /* ClaysForGlazeTableViewController.swift in Sources */,
				5B188EA926F4BA67002A2EBE /* StatisticController.swift in Sources */,
				5BAB806926EB339E00D32D06 /* AddItemToPurchaseListManuallyViewViewModel.swift in Sources */,
				5B188EA626F4B799002A2EBE /* MaterialStatisticItem.swift in Sources */,
				5BDA427326E24F10009523A1 /* SupportingView.swift in Sources */,
				5B2C04A82626ED9D00FB1CED /* GlazeTemperatureTableViewController.swift in Sources */,
				5B63CE7426A9532400AB81AC /* GlazesListPresenter.swift in Sources */,
				5BAB807F26F1E1DA00D32D06 /* PurchaseListHeaderActionView.swift in Sources */,
				5B63CE5326A5A91C00AB81AC /* Network Service.swift in Sources */,
				5BBD354A26F9FD3F000B7DF6 /* StatisticTableViewCell.swift in Sources */,
				5BDA425F26DE4A53009523A1 /* UsedMaterialView.swift in Sources */,
				5B6E14CE26B966A90072FB7E /* GlazeTemperatureTableViewViewModel.swift in Sources */,
				5B6E14DA26BD2A4E0072FB7E /* InformationViewViewModel.swift in Sources */,
				5B6E14CA26B424300072FB7E /* ChooseGlazeTableViewViewModel.swift in Sources */,
				5B63CE6026A6CA7A00AB81AC /* Material.swift in Sources */,
				5B63CE6826A8065B00AB81AC /* MaterialsListPresenter.swift in Sources */,
				5B63CE6326A6CE9300AB81AC /* MaterialsLocalStorageService.swift in Sources */,
				5B6E14C426B3F88A0072FB7E /* ClaysListPresenter.swift in Sources */,
				5B060F34261233510090E250 /* AppDelegate.swift in Sources */,
				5B060FFA26174D340090E250 /* InformationView.swift in Sources */,
				5B06102D261DA2A80090E250 /* DefaultHeader.swift in Sources */,
				5B060FE0261605190090E250 /* GlazesSearchResponse.swift in Sources */,
				5B188EA426F4AC94002A2EBE /* MaterialsStatisticView.swift in Sources */,
				5BDA426A26E20FF9009523A1 /* UsedMaterialViewViewModel.swift in Sources */,
				5B6E14A326B18DCE0072FB7E /* EditMaterialViewModel.swift in Sources */,
				5B060F36261233510090E250 /* SceneDelegate.swift in Sources */,
				5B06101E261B356D0090E250 /* Animation.swift in Sources */,
				5B6E14B626B2D2720072FB7E /* CrackleTableViewViewModel.swift in Sources */,
				5B88EF8526FDBE26002493B6 /* StorageKeys.swift in Sources */,
				5B63CE6626A6DB7200AB81AC /* Extension + UserDefaults.swift in Sources */,
				5B188EAC26F4C174002A2EBE /* MaterialsListMainViewViewModel.swift in Sources */,
			);
			runOnlyForDeploymentPostprocessing = 0;
		};
		5B060F42261233550090E250 /* Sources */ = {
			isa = PBXSourcesBuildPhase;
			buildActionMask = 2147483647;
			files = (
				5B060F4B261233560090E250 /* ClaysAndGlazesTests.swift in Sources */,
			);
			runOnlyForDeploymentPostprocessing = 0;
		};
		5B060F4D261233560090E250 /* Sources */ = {
			isa = PBXSourcesBuildPhase;
			buildActionMask = 2147483647;
			files = (
				5B060F56261233560090E250 /* ClaysAndGlazesUITests.swift in Sources */,
			);
			runOnlyForDeploymentPostprocessing = 0;
		};
/* End PBXSourcesBuildPhase section */

/* Begin PBXTargetDependency section */
		5B060F48261233550090E250 /* PBXTargetDependency */ = {
			isa = PBXTargetDependency;
			target = 5B060F2F261233510090E250 /* ClaysAndGlazes */;
			targetProxy = 5B060F47261233550090E250 /* PBXContainerItemProxy */;
		};
		5B060F53261233560090E250 /* PBXTargetDependency */ = {
			isa = PBXTargetDependency;
			target = 5B060F2F261233510090E250 /* ClaysAndGlazes */;
			targetProxy = 5B060F52261233560090E250 /* PBXContainerItemProxy */;
		};
/* End PBXTargetDependency section */

/* Begin PBXVariantGroup section */
		5B060F3E261233550090E250 /* LaunchScreen.storyboard */ = {
			isa = PBXVariantGroup;
			children = (
				5B060F3F261233550090E250 /* Base */,
			);
			name = LaunchScreen.storyboard;
			sourceTree = "<group>";
		};
/* End PBXVariantGroup section */

/* Begin XCBuildConfiguration section */
		5B060F58261233560090E250 /* Debug */ = {
			isa = XCBuildConfiguration;
			buildSettings = {
				ALWAYS_SEARCH_USER_PATHS = NO;
				CLANG_ANALYZER_NONNULL = YES;
				CLANG_ANALYZER_NUMBER_OBJECT_CONVERSION = YES_AGGRESSIVE;
				CLANG_CXX_LANGUAGE_STANDARD = "gnu++14";
				CLANG_CXX_LIBRARY = "libc++";
				CLANG_ENABLE_MODULES = YES;
				CLANG_ENABLE_OBJC_ARC = YES;
				CLANG_ENABLE_OBJC_WEAK = YES;
				CLANG_WARN_BLOCK_CAPTURE_AUTORELEASING = YES;
				CLANG_WARN_BOOL_CONVERSION = YES;
				CLANG_WARN_COMMA = YES;
				CLANG_WARN_CONSTANT_CONVERSION = YES;
				CLANG_WARN_DEPRECATED_OBJC_IMPLEMENTATIONS = YES;
				CLANG_WARN_DIRECT_OBJC_ISA_USAGE = YES_ERROR;
				CLANG_WARN_DOCUMENTATION_COMMENTS = YES;
				CLANG_WARN_EMPTY_BODY = YES;
				CLANG_WARN_ENUM_CONVERSION = YES;
				CLANG_WARN_INFINITE_RECURSION = YES;
				CLANG_WARN_INT_CONVERSION = YES;
				CLANG_WARN_NON_LITERAL_NULL_CONVERSION = YES;
				CLANG_WARN_OBJC_IMPLICIT_RETAIN_SELF = YES;
				CLANG_WARN_OBJC_LITERAL_CONVERSION = YES;
				CLANG_WARN_OBJC_ROOT_CLASS = YES_ERROR;
				CLANG_WARN_QUOTED_INCLUDE_IN_FRAMEWORK_HEADER = YES;
				CLANG_WARN_RANGE_LOOP_ANALYSIS = YES;
				CLANG_WARN_STRICT_PROTOTYPES = YES;
				CLANG_WARN_SUSPICIOUS_MOVE = YES;
				CLANG_WARN_UNGUARDED_AVAILABILITY = YES_AGGRESSIVE;
				CLANG_WARN_UNREACHABLE_CODE = YES;
				CLANG_WARN__DUPLICATE_METHOD_MATCH = YES;
				COPY_PHASE_STRIP = NO;
				DEBUG_INFORMATION_FORMAT = dwarf;
				ENABLE_STRICT_OBJC_MSGSEND = YES;
				ENABLE_TESTABILITY = YES;
				GCC_C_LANGUAGE_STANDARD = gnu11;
				GCC_DYNAMIC_NO_PIC = NO;
				GCC_NO_COMMON_BLOCKS = YES;
				GCC_OPTIMIZATION_LEVEL = 0;
				GCC_PREPROCESSOR_DEFINITIONS = (
					"DEBUG=1",
					"$(inherited)",
				);
				GCC_WARN_64_TO_32_BIT_CONVERSION = YES;
				GCC_WARN_ABOUT_RETURN_TYPE = YES_ERROR;
				GCC_WARN_UNDECLARED_SELECTOR = YES;
				GCC_WARN_UNINITIALIZED_AUTOS = YES_AGGRESSIVE;
				GCC_WARN_UNUSED_FUNCTION = YES;
				GCC_WARN_UNUSED_VARIABLE = YES;
				IPHONEOS_DEPLOYMENT_TARGET = 13.0;
				MTL_ENABLE_DEBUG_INFO = INCLUDE_SOURCE;
				MTL_FAST_MATH = YES;
				ONLY_ACTIVE_ARCH = YES;
				SDKROOT = iphoneos;
				SWIFT_ACTIVE_COMPILATION_CONDITIONS = DEBUG;
				SWIFT_OPTIMIZATION_LEVEL = "-Onone";
			};
			name = Debug;
		};
		5B060F59261233560090E250 /* Release */ = {
			isa = XCBuildConfiguration;
			buildSettings = {
				ALWAYS_SEARCH_USER_PATHS = NO;
				CLANG_ANALYZER_NONNULL = YES;
				CLANG_ANALYZER_NUMBER_OBJECT_CONVERSION = YES_AGGRESSIVE;
				CLANG_CXX_LANGUAGE_STANDARD = "gnu++14";
				CLANG_CXX_LIBRARY = "libc++";
				CLANG_ENABLE_MODULES = YES;
				CLANG_ENABLE_OBJC_ARC = YES;
				CLANG_ENABLE_OBJC_WEAK = YES;
				CLANG_WARN_BLOCK_CAPTURE_AUTORELEASING = YES;
				CLANG_WARN_BOOL_CONVERSION = YES;
				CLANG_WARN_COMMA = YES;
				CLANG_WARN_CONSTANT_CONVERSION = YES;
				CLANG_WARN_DEPRECATED_OBJC_IMPLEMENTATIONS = YES;
				CLANG_WARN_DIRECT_OBJC_ISA_USAGE = YES_ERROR;
				CLANG_WARN_DOCUMENTATION_COMMENTS = YES;
				CLANG_WARN_EMPTY_BODY = YES;
				CLANG_WARN_ENUM_CONVERSION = YES;
				CLANG_WARN_INFINITE_RECURSION = YES;
				CLANG_WARN_INT_CONVERSION = YES;
				CLANG_WARN_NON_LITERAL_NULL_CONVERSION = YES;
				CLANG_WARN_OBJC_IMPLICIT_RETAIN_SELF = YES;
				CLANG_WARN_OBJC_LITERAL_CONVERSION = YES;
				CLANG_WARN_OBJC_ROOT_CLASS = YES_ERROR;
				CLANG_WARN_QUOTED_INCLUDE_IN_FRAMEWORK_HEADER = YES;
				CLANG_WARN_RANGE_LOOP_ANALYSIS = YES;
				CLANG_WARN_STRICT_PROTOTYPES = YES;
				CLANG_WARN_SUSPICIOUS_MOVE = YES;
				CLANG_WARN_UNGUARDED_AVAILABILITY = YES_AGGRESSIVE;
				CLANG_WARN_UNREACHABLE_CODE = YES;
				CLANG_WARN__DUPLICATE_METHOD_MATCH = YES;
				COPY_PHASE_STRIP = NO;
				DEBUG_INFORMATION_FORMAT = "dwarf-with-dsym";
				ENABLE_NS_ASSERTIONS = NO;
				ENABLE_STRICT_OBJC_MSGSEND = YES;
				GCC_C_LANGUAGE_STANDARD = gnu11;
				GCC_NO_COMMON_BLOCKS = YES;
				GCC_WARN_64_TO_32_BIT_CONVERSION = YES;
				GCC_WARN_ABOUT_RETURN_TYPE = YES_ERROR;
				GCC_WARN_UNDECLARED_SELECTOR = YES;
				GCC_WARN_UNINITIALIZED_AUTOS = YES_AGGRESSIVE;
				GCC_WARN_UNUSED_FUNCTION = YES;
				GCC_WARN_UNUSED_VARIABLE = YES;
				IPHONEOS_DEPLOYMENT_TARGET = 13.0;
				MTL_ENABLE_DEBUG_INFO = NO;
				MTL_FAST_MATH = YES;
				SDKROOT = iphoneos;
				SWIFT_COMPILATION_MODE = wholemodule;
				SWIFT_OPTIMIZATION_LEVEL = "-O";
				VALIDATE_PRODUCT = YES;
			};
			name = Release;
		};
		5B060F5B261233560090E250 /* Debug */ = {
			isa = XCBuildConfiguration;
			baseConfigurationReference = 82681117FEC80C759899A294 /* Pods-ClaysAndGlazes.debug.xcconfig */;
			buildSettings = {
				ASSETCATALOG_COMPILER_APPICON_NAME = AppIcon;
				ASSETCATALOG_COMPILER_GLOBAL_ACCENT_COLOR_NAME = AccentColor;
				CODE_SIGN_STYLE = Automatic;
				DEVELOPMENT_TEAM = BXDN3Y8FQ8;
				INFOPLIST_FILE = ClaysAndGlazes/Info.plist;
				LD_RUNPATH_SEARCH_PATHS = (
					"$(inherited)",
					"@executable_path/Frameworks",
				);
				PRODUCT_BUNDLE_IDENTIFIER = com.ilyad.ClaysAndGlazes;
				PRODUCT_NAME = "$(TARGET_NAME)";
				SWIFT_VERSION = 5.0;
				TARGETED_DEVICE_FAMILY = 1;
			};
			name = Debug;
		};
		5B060F5C261233560090E250 /* Release */ = {
			isa = XCBuildConfiguration;
			baseConfigurationReference = 5C620F75F1347B75AD0B52C1 /* Pods-ClaysAndGlazes.release.xcconfig */;
			buildSettings = {
				ASSETCATALOG_COMPILER_APPICON_NAME = AppIcon;
				ASSETCATALOG_COMPILER_GLOBAL_ACCENT_COLOR_NAME = AccentColor;
				CODE_SIGN_STYLE = Automatic;
				DEVELOPMENT_TEAM = BXDN3Y8FQ8;
				INFOPLIST_FILE = ClaysAndGlazes/Info.plist;
				LD_RUNPATH_SEARCH_PATHS = (
					"$(inherited)",
					"@executable_path/Frameworks",
				);
				PRODUCT_BUNDLE_IDENTIFIER = com.ilyad.ClaysAndGlazes;
				PRODUCT_NAME = "$(TARGET_NAME)";
				SWIFT_VERSION = 5.0;
				TARGETED_DEVICE_FAMILY = 1;
			};
			name = Release;
		};
		5B060F5E261233560090E250 /* Debug */ = {
			isa = XCBuildConfiguration;
			baseConfigurationReference = 50085F0E65F43A58F5EA5823 /* Pods-ClaysAndGlazesTests.debug.xcconfig */;
			buildSettings = {
				ALWAYS_EMBED_SWIFT_STANDARD_LIBRARIES = YES;
				BUNDLE_LOADER = "$(TEST_HOST)";
				CODE_SIGN_STYLE = Automatic;
				DEVELOPMENT_TEAM = BXDN3Y8FQ8;
				INFOPLIST_FILE = ClaysAndGlazesTests/Info.plist;
				IPHONEOS_DEPLOYMENT_TARGET = 14.4;
				LD_RUNPATH_SEARCH_PATHS = (
					"$(inherited)",
					"@executable_path/Frameworks",
					"@loader_path/Frameworks",
				);
				PRODUCT_BUNDLE_IDENTIFIER = com.ilyad.ClaysAndGlazesTests;
				PRODUCT_NAME = "$(TARGET_NAME)";
				SWIFT_VERSION = 5.0;
				TARGETED_DEVICE_FAMILY = "1,2";
				TEST_HOST = "$(BUILT_PRODUCTS_DIR)/ClaysAndGlazes.app/ClaysAndGlazes";
			};
			name = Debug;
		};
		5B060F5F261233560090E250 /* Release */ = {
			isa = XCBuildConfiguration;
			baseConfigurationReference = 7FAF948F4E8DC306AA8C931F /* Pods-ClaysAndGlazesTests.release.xcconfig */;
			buildSettings = {
				ALWAYS_EMBED_SWIFT_STANDARD_LIBRARIES = YES;
				BUNDLE_LOADER = "$(TEST_HOST)";
				CODE_SIGN_STYLE = Automatic;
				DEVELOPMENT_TEAM = BXDN3Y8FQ8;
				INFOPLIST_FILE = ClaysAndGlazesTests/Info.plist;
				IPHONEOS_DEPLOYMENT_TARGET = 14.4;
				LD_RUNPATH_SEARCH_PATHS = (
					"$(inherited)",
					"@executable_path/Frameworks",
					"@loader_path/Frameworks",
				);
				PRODUCT_BUNDLE_IDENTIFIER = com.ilyad.ClaysAndGlazesTests;
				PRODUCT_NAME = "$(TARGET_NAME)";
				SWIFT_VERSION = 5.0;
				TARGETED_DEVICE_FAMILY = "1,2";
				TEST_HOST = "$(BUILT_PRODUCTS_DIR)/ClaysAndGlazes.app/ClaysAndGlazes";
			};
			name = Release;
		};
		5B060F61261233560090E250 /* Debug */ = {
			isa = XCBuildConfiguration;
			baseConfigurationReference = 25B6A23228CE8105209523A5 /* Pods-ClaysAndGlazes-ClaysAndGlazesUITests.debug.xcconfig */;
			buildSettings = {
				ALWAYS_EMBED_SWIFT_STANDARD_LIBRARIES = YES;
				CODE_SIGN_STYLE = Automatic;
				DEVELOPMENT_TEAM = BXDN3Y8FQ8;
				INFOPLIST_FILE = ClaysAndGlazesUITests/Info.plist;
				LD_RUNPATH_SEARCH_PATHS = (
					"$(inherited)",
					"@executable_path/Frameworks",
					"@loader_path/Frameworks",
				);
				PRODUCT_BUNDLE_IDENTIFIER = com.ilyad.ClaysAndGlazesUITests;
				PRODUCT_NAME = "$(TARGET_NAME)";
				SWIFT_VERSION = 5.0;
				TARGETED_DEVICE_FAMILY = "1,2";
				TEST_TARGET_NAME = ClaysAndGlazes;
			};
			name = Debug;
		};
		5B060F62261233560090E250 /* Release */ = {
			isa = XCBuildConfiguration;
			baseConfigurationReference = 112EAF20DE61220870820CE1 /* Pods-ClaysAndGlazes-ClaysAndGlazesUITests.release.xcconfig */;
			buildSettings = {
				ALWAYS_EMBED_SWIFT_STANDARD_LIBRARIES = YES;
				CODE_SIGN_STYLE = Automatic;
				DEVELOPMENT_TEAM = BXDN3Y8FQ8;
				INFOPLIST_FILE = ClaysAndGlazesUITests/Info.plist;
				LD_RUNPATH_SEARCH_PATHS = (
					"$(inherited)",
					"@executable_path/Frameworks",
					"@loader_path/Frameworks",
				);
				PRODUCT_BUNDLE_IDENTIFIER = com.ilyad.ClaysAndGlazesUITests;
				PRODUCT_NAME = "$(TARGET_NAME)";
				SWIFT_VERSION = 5.0;
				TARGETED_DEVICE_FAMILY = "1,2";
				TEST_TARGET_NAME = ClaysAndGlazes;
			};
			name = Release;
		};
/* End XCBuildConfiguration section */

/* Begin XCConfigurationList section */
		5B060F2B261233510090E250 /* Build configuration list for PBXProject "ClaysAndGlazes" */ = {
			isa = XCConfigurationList;
			buildConfigurations = (
				5B060F58261233560090E250 /* Debug */,
				5B060F59261233560090E250 /* Release */,
			);
			defaultConfigurationIsVisible = 0;
			defaultConfigurationName = Release;
		};
		5B060F5A261233560090E250 /* Build configuration list for PBXNativeTarget "ClaysAndGlazes" */ = {
			isa = XCConfigurationList;
			buildConfigurations = (
				5B060F5B261233560090E250 /* Debug */,
				5B060F5C261233560090E250 /* Release */,
			);
			defaultConfigurationIsVisible = 0;
			defaultConfigurationName = Release;
		};
		5B060F5D261233560090E250 /* Build configuration list for PBXNativeTarget "ClaysAndGlazesTests" */ = {
			isa = XCConfigurationList;
			buildConfigurations = (
				5B060F5E261233560090E250 /* Debug */,
				5B060F5F261233560090E250 /* Release */,
			);
			defaultConfigurationIsVisible = 0;
			defaultConfigurationName = Release;
		};
		5B060F60261233560090E250 /* Build configuration list for PBXNativeTarget "ClaysAndGlazesUITests" */ = {
			isa = XCConfigurationList;
			buildConfigurations = (
				5B060F61261233560090E250 /* Debug */,
				5B060F62261233560090E250 /* Release */,
			);
			defaultConfigurationIsVisible = 0;
			defaultConfigurationName = Release;
		};
/* End XCConfigurationList section */
	};
	rootObject = 5B060F28261233510090E250 /* Project object */;
}
